// !$*UTF8*$!
{
	archiveVersion = 1;
	classes = {
	};
	objectVersion = 51;
	objects = {

/* Begin PBXBuildFile section */
		521630CB556750301749121F /* Pods_Picme.framework in Frameworks */ = {isa = PBXBuildFile; fileRef = BB74E774F2085618C97D3804 /* Pods_Picme.framework */; };
		7AA762B0B95B4242803315E5 /* Pods_PicmeTests.framework in Frameworks */ = {isa = PBXBuildFile; fileRef = 2B8846FE285BDFC765A499DA /* Pods_PicmeTests.framework */; };
		A91A904626B92BDB00C43D43 /* UserInfo.swift in Sources */ = {isa = PBXBuildFile; fileRef = A91A904526B92BDB00C43D43 /* UserInfo.swift */; };
		A91F57D426B7B261006F20AD /* OnboardingViewController.swift in Sources */ = {isa = PBXBuildFile; fileRef = A91F57D326B7B261006F20AD /* OnboardingViewController.swift */; };
		A91F57D726B7B641006F20AD /* OnboardingViewModel.swift in Sources */ = {isa = PBXBuildFile; fileRef = A91F57D626B7B641006F20AD /* OnboardingViewModel.swift */; };
		A95CD34E269DA66C002CCCA8 /* Protocol+LoginState.swift in Sources */ = {isa = PBXBuildFile; fileRef = A95CD34D269DA66C002CCCA8 /* Protocol+LoginState.swift */; };
		A95CD354269EB2BF002CCCA8 /* Enum+APIError.swift in Sources */ = {isa = PBXBuildFile; fileRef = A95CD353269EB2BF002CCCA8 /* Enum+APIError.swift */; };
		A95CD356269EB5B7002CCCA8 /* Enum+HTTPMethod.swift in Sources */ = {isa = PBXBuildFile; fileRef = A95CD355269EB5B7002CCCA8 /* Enum+HTTPMethod.swift */; };
		A95CD35C269EFB66002CCCA8 /* Extension+URLSession,Request.swift in Sources */ = {isa = PBXBuildFile; fileRef = A95CD35B269EFB66002CCCA8 /* Extension+URLSession,Request.swift */; };
		A95CD35E269EFBC8002CCCA8 /* LoginAPICenter.swift in Sources */ = {isa = PBXBuildFile; fileRef = A95CD35D269EFBC8002CCCA8 /* LoginAPICenter.swift */; };
		A95CD36526A30357002CCCA8 /* LoginModel.swift in Sources */ = {isa = PBXBuildFile; fileRef = A95CD36426A30357002CCCA8 /* LoginModel.swift */; };
		A96C9E8926AC2451001F279B /* LoginViewModel.swift in Sources */ = {isa = PBXBuildFile; fileRef = A96C9E8826AC2451001F279B /* LoginViewModel.swift */; };
		A975287826B69DE1003EE1A9 /* ImageAPICenter.swift in Sources */ = {isa = PBXBuildFile; fileRef = A975287726B69DE1003EE1A9 /* ImageAPICenter.swift */; };
		A975287D26B69EAF003EE1A9 /* Onboarding.storyboard in Resources */ = {isa = PBXBuildFile; fileRef = A975287C26B69EAF003EE1A9 /* Onboarding.storyboard */; };
		A975288226B74322003EE1A9 /* LoginViewController.swift in Sources */ = {isa = PBXBuildFile; fileRef = A975288126B74322003EE1A9 /* LoginViewController.swift */; };
		A9A1AD432699FAE600169D76 /* AppDelegate.swift in Sources */ = {isa = PBXBuildFile; fileRef = A9A1AD422699FAE600169D76 /* AppDelegate.swift */; };
		A9A1AD452699FAE600169D76 /* SceneDelegate.swift in Sources */ = {isa = PBXBuildFile; fileRef = A9A1AD442699FAE600169D76 /* SceneDelegate.swift */; };
		A9A1AD4C2699FAE800169D76 /* Assets.xcassets in Resources */ = {isa = PBXBuildFile; fileRef = A9A1AD4B2699FAE800169D76 /* Assets.xcassets */; };
		A9A1AD4F2699FAE800169D76 /* LaunchScreen.storyboard in Resources */ = {isa = PBXBuildFile; fileRef = A9A1AD4D2699FAE800169D76 /* LaunchScreen.storyboard */; };
		A9A1AD5A2699FAE800169D76 /* PicmeTests.swift in Sources */ = {isa = PBXBuildFile; fileRef = A9A1AD592699FAE800169D76 /* PicmeTests.swift */; };
		A9A1AD652699FAE800169D76 /* PicmeUITests.swift in Sources */ = {isa = PBXBuildFile; fileRef = A9A1AD642699FAE800169D76 /* PicmeUITests.swift */; };
		A9C12B7E269AB7B900729A74 /* BaseViewContoller.swift in Sources */ = {isa = PBXBuildFile; fileRef = A9C12B7D269AB7B900729A74 /* BaseViewContoller.swift */; };
		A9C12B80269AB86A00729A74 /* Extension+UIColor.swift in Sources */ = {isa = PBXBuildFile; fileRef = A9C12B7F269AB86A00729A74 /* Extension+UIColor.swift */; };
		A9C12B82269AB94B00729A74 /* Extension+UIFont.swift in Sources */ = {isa = PBXBuildFile; fileRef = A9C12B81269AB94B00729A74 /* Extension+UIFont.swift */; };
		A9C12B87269C137600729A74 /* Dynamic.swift in Sources */ = {isa = PBXBuildFile; fileRef = A9C12B86269C137600729A74 /* Dynamic.swift */; };
		A9C12B89269C14FF00729A74 /* Protocol+ResuableCell.swift in Sources */ = {isa = PBXBuildFile; fileRef = A9C12B88269C14FF00729A74 /* Protocol+ResuableCell.swift */; };
		A9C12B8B269C158900729A74 /* Extension+UITableView.swift in Sources */ = {isa = PBXBuildFile; fileRef = A9C12B8A269C158900729A74 /* Extension+UITableView.swift */; };
		A9C12B8D269C170C00729A74 /* Extension+CollectionView.swift in Sources */ = {isa = PBXBuildFile; fileRef = A9C12B8C269C170C00729A74 /* Extension+CollectionView.swift */; };
		A9C12B92269C1A7A00729A74 /* Login.storyboard in Resources */ = {isa = PBXBuildFile; fileRef = A9C12B91269C1A7A00729A74 /* Login.storyboard */; };
		A9C12B96269C315E00729A74 /* .swiftlint.yml in Resources */ = {isa = PBXBuildFile; fileRef = A9C12B95269C315E00729A74 /* .swiftlint.yml */; };
		D11C2DC126B82AA100C8EE51 /* VoteDetailViewController.swift in Sources */ = {isa = PBXBuildFile; fileRef = D11C2DC026B82AA100C8EE51 /* VoteDetailViewController.swift */; };
		D11C2DC326B947B100C8EE51 /* LoadingTableViewCell.swift in Sources */ = {isa = PBXBuildFile; fileRef = D11C2DC226B947B100C8EE51 /* LoadingTableViewCell.swift */; };
		D1449D9426A845370083418D /* Main.storyboard in Resources */ = {isa = PBXBuildFile; fileRef = D1449D9326A845370083418D /* Main.storyboard */; };
		D1449D9926A848610083418D /* MainViewController.swift in Sources */ = {isa = PBXBuildFile; fileRef = D1449D9826A848610083418D /* MainViewController.swift */; };
		D180456826B3E2850053430E /* MainTableViewCell.swift in Sources */ = {isa = PBXBuildFile; fileRef = D180456726B3E2850053430E /* MainTableViewCell.swift */; };
		D180456A26B3E2940053430E /* MainCollectionViewCell.swift in Sources */ = {isa = PBXBuildFile; fileRef = D180456926B3E2940053430E /* MainCollectionViewCell.swift */; };
		D180456C26B3E8DD0053430E /* APIConstants.swift in Sources */ = {isa = PBXBuildFile; fileRef = D180456B26B3E8DD0053430E /* APIConstants.swift */; };
		D180456E26B3E93C0053430E /* MainService.swift in Sources */ = {isa = PBXBuildFile; fileRef = D180456D26B3E93C0053430E /* MainService.swift */; };
		D180457326B3EAB90053430E /* MainModel.swift in Sources */ = {isa = PBXBuildFile; fileRef = D180457226B3EAB90053430E /* MainModel.swift */; };
		D180457626B3F03B0053430E /* MainViewModel.swift in Sources */ = {isa = PBXBuildFile; fileRef = D180457526B3F03B0053430E /* MainViewModel.swift */; };
		D1B51C9626BE9EA500928FF3 /* VoteDetailCollectionViewCell.swift in Sources */ = {isa = PBXBuildFile; fileRef = D1B51C9526BE9EA500928FF3 /* VoteDetailCollectionViewCell.swift */; };
		D1B51C9826BE9EB000928FF3 /* VoteDetailTableViewCell.swift in Sources */ = {isa = PBXBuildFile; fileRef = D1B51C9726BE9EB000928FF3 /* VoteDetailTableViewCell.swift */; };
		D1B51C9B26BEAD2C00928FF3 /* GenericDataSource.swift in Sources */ = {isa = PBXBuildFile; fileRef = D1B51C9A26BEAD2C00928FF3 /* GenericDataSource.swift */; };
		D1B51C9F26BEB26300928FF3 /* VoteDetailModel.swift in Sources */ = {isa = PBXBuildFile; fileRef = D1B51C9E26BEB26300928FF3 /* VoteDetailModel.swift */; };
		D1B51CA126BEB56700928FF3 /* VoteDetailViewModel.swift in Sources */ = {isa = PBXBuildFile; fileRef = D1B51CA026BEB56700928FF3 /* VoteDetailViewModel.swift */; };
		D1B51CA426BEB72400928FF3 /* VoteDetailService.swift in Sources */ = {isa = PBXBuildFile; fileRef = D1B51CA326BEB72400928FF3 /* VoteDetailService.swift */; };
		D1B51CA626BEE7B000928FF3 /* Protocol+CollectionViewCellDelegate.swift in Sources */ = {isa = PBXBuildFile; fileRef = D1B51CA526BEE7B000928FF3 /* Protocol+CollectionViewCellDelegate.swift */; };
		D1B51CE826BF68CE00928FF3 /* VoteDetailListingViewModelTests.swift in Sources */ = {isa = PBXBuildFile; fileRef = D1B51CE726BF68CE00928FF3 /* VoteDetailListingViewModelTests.swift */; };
		FFAF1D14C850C640DBD39898 /* Pods_Picme_PicmeUITests.framework in Frameworks */ = {isa = PBXBuildFile; fileRef = 99CB56FAF51F7B3577E0BB1C /* Pods_Picme_PicmeUITests.framework */; };
/* End PBXBuildFile section */

/* Begin PBXContainerItemProxy section */
		A9A1AD562699FAE800169D76 /* PBXContainerItemProxy */ = {
			isa = PBXContainerItemProxy;
			containerPortal = A9A1AD372699FAE600169D76 /* Project object */;
			proxyType = 1;
			remoteGlobalIDString = A9A1AD3E2699FAE600169D76;
			remoteInfo = "dnd-5th-1-iOS";
		};
		A9A1AD612699FAE800169D76 /* PBXContainerItemProxy */ = {
			isa = PBXContainerItemProxy;
			containerPortal = A9A1AD372699FAE600169D76 /* Project object */;
			proxyType = 1;
			remoteGlobalIDString = A9A1AD3E2699FAE600169D76;
			remoteInfo = "dnd-5th-1-iOS";
		};
/* End PBXContainerItemProxy section */

/* Begin PBXFileReference section */
		2B8846FE285BDFC765A499DA /* Pods_PicmeTests.framework */ = {isa = PBXFileReference; explicitFileType = wrapper.framework; includeInIndex = 0; path = Pods_PicmeTests.framework; sourceTree = BUILT_PRODUCTS_DIR; };
		2F1B399915A7CA7035BA4111 /* Pods-PicmeTests.release.xcconfig */ = {isa = PBXFileReference; includeInIndex = 1; lastKnownFileType = text.xcconfig; name = "Pods-PicmeTests.release.xcconfig"; path = "Target Support Files/Pods-PicmeTests/Pods-PicmeTests.release.xcconfig"; sourceTree = "<group>"; };
		7A3DD7BD640EF7D7BB302398 /* Pods-Picme-PicmeUITests.debug.xcconfig */ = {isa = PBXFileReference; includeInIndex = 1; lastKnownFileType = text.xcconfig; name = "Pods-Picme-PicmeUITests.debug.xcconfig"; path = "Target Support Files/Pods-Picme-PicmeUITests/Pods-Picme-PicmeUITests.debug.xcconfig"; sourceTree = "<group>"; };
		95A7318E3A14E589BF7BB1AF /* Pods-PicmeTests.debug.xcconfig */ = {isa = PBXFileReference; includeInIndex = 1; lastKnownFileType = text.xcconfig; name = "Pods-PicmeTests.debug.xcconfig"; path = "Target Support Files/Pods-PicmeTests/Pods-PicmeTests.debug.xcconfig"; sourceTree = "<group>"; };
		99CB56FAF51F7B3577E0BB1C /* Pods_Picme_PicmeUITests.framework */ = {isa = PBXFileReference; explicitFileType = wrapper.framework; includeInIndex = 0; path = Pods_Picme_PicmeUITests.framework; sourceTree = BUILT_PRODUCTS_DIR; };
		A91A904526B92BDB00C43D43 /* UserInfo.swift */ = {isa = PBXFileReference; lastKnownFileType = sourcecode.swift; path = UserInfo.swift; sourceTree = "<group>"; };
		A91F57D326B7B261006F20AD /* OnboardingViewController.swift */ = {isa = PBXFileReference; lastKnownFileType = sourcecode.swift; path = OnboardingViewController.swift; sourceTree = "<group>"; };
		A91F57D626B7B641006F20AD /* OnboardingViewModel.swift */ = {isa = PBXFileReference; lastKnownFileType = sourcecode.swift; path = OnboardingViewModel.swift; sourceTree = "<group>"; };
		A95CD34D269DA66C002CCCA8 /* Protocol+LoginState.swift */ = {isa = PBXFileReference; lastKnownFileType = sourcecode.swift; path = "Protocol+LoginState.swift"; sourceTree = "<group>"; };
		A95CD353269EB2BF002CCCA8 /* Enum+APIError.swift */ = {isa = PBXFileReference; lastKnownFileType = sourcecode.swift; path = "Enum+APIError.swift"; sourceTree = "<group>"; };
		A95CD355269EB5B7002CCCA8 /* Enum+HTTPMethod.swift */ = {isa = PBXFileReference; lastKnownFileType = sourcecode.swift; path = "Enum+HTTPMethod.swift"; sourceTree = "<group>"; };
		A95CD35B269EFB66002CCCA8 /* Extension+URLSession,Request.swift */ = {isa = PBXFileReference; lastKnownFileType = sourcecode.swift; path = "Extension+URLSession,Request.swift"; sourceTree = "<group>"; };
		A95CD35D269EFBC8002CCCA8 /* LoginAPICenter.swift */ = {isa = PBXFileReference; lastKnownFileType = sourcecode.swift; path = LoginAPICenter.swift; sourceTree = "<group>"; };
		A95CD36426A30357002CCCA8 /* LoginModel.swift */ = {isa = PBXFileReference; lastKnownFileType = sourcecode.swift; path = LoginModel.swift; sourceTree = "<group>"; };
		A96C9E8826AC2451001F279B /* LoginViewModel.swift */ = {isa = PBXFileReference; fileEncoding = 4; lastKnownFileType = sourcecode.swift; path = LoginViewModel.swift; sourceTree = "<group>"; };
		A96C9E8A26AC249C001F279B /* Picme.entitlements */ = {isa = PBXFileReference; lastKnownFileType = text.plist.entitlements; path = Picme.entitlements; sourceTree = "<group>"; };
		A975287726B69DE1003EE1A9 /* ImageAPICenter.swift */ = {isa = PBXFileReference; lastKnownFileType = sourcecode.swift; path = ImageAPICenter.swift; sourceTree = "<group>"; };
		A975287C26B69EAF003EE1A9 /* Onboarding.storyboard */ = {isa = PBXFileReference; lastKnownFileType = file.storyboard; path = Onboarding.storyboard; sourceTree = "<group>"; };
		A975288126B74322003EE1A9 /* LoginViewController.swift */ = {isa = PBXFileReference; lastKnownFileType = sourcecode.swift; path = LoginViewController.swift; sourceTree = "<group>"; };
		A9A1AD3F2699FAE600169D76 /* Picme.app */ = {isa = PBXFileReference; explicitFileType = wrapper.application; includeInIndex = 0; path = Picme.app; sourceTree = BUILT_PRODUCTS_DIR; };
		A9A1AD422699FAE600169D76 /* AppDelegate.swift */ = {isa = PBXFileReference; lastKnownFileType = sourcecode.swift; path = AppDelegate.swift; sourceTree = "<group>"; };
		A9A1AD442699FAE600169D76 /* SceneDelegate.swift */ = {isa = PBXFileReference; lastKnownFileType = sourcecode.swift; path = SceneDelegate.swift; sourceTree = "<group>"; };
		A9A1AD4B2699FAE800169D76 /* Assets.xcassets */ = {isa = PBXFileReference; lastKnownFileType = folder.assetcatalog; path = Assets.xcassets; sourceTree = "<group>"; };
		A9A1AD4E2699FAE800169D76 /* Base */ = {isa = PBXFileReference; lastKnownFileType = file.storyboard; name = Base; path = Base.lproj/LaunchScreen.storyboard; sourceTree = "<group>"; };
		A9A1AD502699FAE800169D76 /* Info.plist */ = {isa = PBXFileReference; lastKnownFileType = text.plist.xml; name = Info.plist; path = Picme/Configure/Info.plist; sourceTree = SOURCE_ROOT; };
		A9A1AD552699FAE800169D76 /* PicmeTests.xctest */ = {isa = PBXFileReference; explicitFileType = wrapper.cfbundle; includeInIndex = 0; path = PicmeTests.xctest; sourceTree = BUILT_PRODUCTS_DIR; };
		A9A1AD592699FAE800169D76 /* PicmeTests.swift */ = {isa = PBXFileReference; lastKnownFileType = sourcecode.swift; path = PicmeTests.swift; sourceTree = "<group>"; };
		A9A1AD5B2699FAE800169D76 /* Info.plist */ = {isa = PBXFileReference; lastKnownFileType = text.plist.xml; path = Info.plist; sourceTree = "<group>"; };
		A9A1AD602699FAE800169D76 /* PicmeUITests.xctest */ = {isa = PBXFileReference; explicitFileType = wrapper.cfbundle; includeInIndex = 0; path = PicmeUITests.xctest; sourceTree = BUILT_PRODUCTS_DIR; };
		A9A1AD642699FAE800169D76 /* PicmeUITests.swift */ = {isa = PBXFileReference; lastKnownFileType = sourcecode.swift; path = PicmeUITests.swift; sourceTree = "<group>"; };
		A9A1AD662699FAE800169D76 /* Info.plist */ = {isa = PBXFileReference; lastKnownFileType = text.plist.xml; path = Info.plist; sourceTree = "<group>"; };
		A9C12B7D269AB7B900729A74 /* BaseViewContoller.swift */ = {isa = PBXFileReference; lastKnownFileType = sourcecode.swift; path = BaseViewContoller.swift; sourceTree = "<group>"; };
		A9C12B7F269AB86A00729A74 /* Extension+UIColor.swift */ = {isa = PBXFileReference; lastKnownFileType = sourcecode.swift; path = "Extension+UIColor.swift"; sourceTree = "<group>"; };
		A9C12B81269AB94B00729A74 /* Extension+UIFont.swift */ = {isa = PBXFileReference; lastKnownFileType = sourcecode.swift; path = "Extension+UIFont.swift"; sourceTree = "<group>"; };
		A9C12B86269C137600729A74 /* Dynamic.swift */ = {isa = PBXFileReference; lastKnownFileType = sourcecode.swift; path = Dynamic.swift; sourceTree = "<group>"; };
		A9C12B88269C14FF00729A74 /* Protocol+ResuableCell.swift */ = {isa = PBXFileReference; lastKnownFileType = sourcecode.swift; path = "Protocol+ResuableCell.swift"; sourceTree = "<group>"; };
		A9C12B8A269C158900729A74 /* Extension+UITableView.swift */ = {isa = PBXFileReference; lastKnownFileType = sourcecode.swift; path = "Extension+UITableView.swift"; sourceTree = "<group>"; };
		A9C12B8C269C170C00729A74 /* Extension+CollectionView.swift */ = {isa = PBXFileReference; lastKnownFileType = sourcecode.swift; path = "Extension+CollectionView.swift"; sourceTree = "<group>"; };
		A9C12B91269C1A7A00729A74 /* Login.storyboard */ = {isa = PBXFileReference; lastKnownFileType = file.storyboard; path = Login.storyboard; sourceTree = "<group>"; };
		A9C12B95269C315E00729A74 /* .swiftlint.yml */ = {isa = PBXFileReference; lastKnownFileType = text.yaml; path = .swiftlint.yml; sourceTree = "<group>"; };
		BB74E774F2085618C97D3804 /* Pods_Picme.framework */ = {isa = PBXFileReference; explicitFileType = wrapper.framework; includeInIndex = 0; path = Pods_Picme.framework; sourceTree = BUILT_PRODUCTS_DIR; };
		CCA73C122FAB6E7E7E132CEB /* Pods-Picme-PicmeUITests.release.xcconfig */ = {isa = PBXFileReference; includeInIndex = 1; lastKnownFileType = text.xcconfig; name = "Pods-Picme-PicmeUITests.release.xcconfig"; path = "Target Support Files/Pods-Picme-PicmeUITests/Pods-Picme-PicmeUITests.release.xcconfig"; sourceTree = "<group>"; };
		CE1E7EEC4130AD59C5A0B524 /* Pods-Picme.release.xcconfig */ = {isa = PBXFileReference; includeInIndex = 1; lastKnownFileType = text.xcconfig; name = "Pods-Picme.release.xcconfig"; path = "Target Support Files/Pods-Picme/Pods-Picme.release.xcconfig"; sourceTree = "<group>"; };
		D11C2DC026B82AA100C8EE51 /* VoteDetailViewController.swift */ = {isa = PBXFileReference; lastKnownFileType = sourcecode.swift; path = VoteDetailViewController.swift; sourceTree = "<group>"; };
		D11C2DC226B947B100C8EE51 /* LoadingTableViewCell.swift */ = {isa = PBXFileReference; lastKnownFileType = sourcecode.swift; path = LoadingTableViewCell.swift; sourceTree = "<group>"; };
		D1449D9326A845370083418D /* Main.storyboard */ = {isa = PBXFileReference; lastKnownFileType = file.storyboard; path = Main.storyboard; sourceTree = "<group>"; };
		D1449D9826A848610083418D /* MainViewController.swift */ = {isa = PBXFileReference; lastKnownFileType = sourcecode.swift; path = MainViewController.swift; sourceTree = "<group>"; };
		D180456726B3E2850053430E /* MainTableViewCell.swift */ = {isa = PBXFileReference; lastKnownFileType = sourcecode.swift; path = MainTableViewCell.swift; sourceTree = "<group>"; };
		D180456926B3E2940053430E /* MainCollectionViewCell.swift */ = {isa = PBXFileReference; lastKnownFileType = sourcecode.swift; path = MainCollectionViewCell.swift; sourceTree = "<group>"; };
		D180456B26B3E8DD0053430E /* APIConstants.swift */ = {isa = PBXFileReference; lastKnownFileType = sourcecode.swift; path = APIConstants.swift; sourceTree = "<group>"; };
		D180456D26B3E93C0053430E /* MainService.swift */ = {isa = PBXFileReference; lastKnownFileType = sourcecode.swift; path = MainService.swift; sourceTree = "<group>"; };
		D180457226B3EAB90053430E /* MainModel.swift */ = {isa = PBXFileReference; lastKnownFileType = sourcecode.swift; path = MainModel.swift; sourceTree = "<group>"; };
		D180457526B3F03B0053430E /* MainViewModel.swift */ = {isa = PBXFileReference; lastKnownFileType = sourcecode.swift; path = MainViewModel.swift; sourceTree = "<group>"; };
		D1B51C9526BE9EA500928FF3 /* VoteDetailCollectionViewCell.swift */ = {isa = PBXFileReference; lastKnownFileType = sourcecode.swift; path = VoteDetailCollectionViewCell.swift; sourceTree = "<group>"; };
		D1B51C9726BE9EB000928FF3 /* VoteDetailTableViewCell.swift */ = {isa = PBXFileReference; lastKnownFileType = sourcecode.swift; path = VoteDetailTableViewCell.swift; sourceTree = "<group>"; };
		D1B51C9A26BEAD2C00928FF3 /* GenericDataSource.swift */ = {isa = PBXFileReference; lastKnownFileType = sourcecode.swift; path = GenericDataSource.swift; sourceTree = "<group>"; };
		D1B51C9E26BEB26300928FF3 /* VoteDetailModel.swift */ = {isa = PBXFileReference; lastKnownFileType = sourcecode.swift; path = VoteDetailModel.swift; sourceTree = "<group>"; };
		D1B51CA026BEB56700928FF3 /* VoteDetailViewModel.swift */ = {isa = PBXFileReference; lastKnownFileType = sourcecode.swift; path = VoteDetailViewModel.swift; sourceTree = "<group>"; };
		D1B51CA326BEB72400928FF3 /* VoteDetailService.swift */ = {isa = PBXFileReference; lastKnownFileType = sourcecode.swift; path = VoteDetailService.swift; sourceTree = "<group>"; };
		D1B51CA526BEE7B000928FF3 /* Protocol+CollectionViewCellDelegate.swift */ = {isa = PBXFileReference; lastKnownFileType = sourcecode.swift; path = "Protocol+CollectionViewCellDelegate.swift"; sourceTree = "<group>"; };
		D1B51CE726BF68CE00928FF3 /* VoteDetailListingViewModelTests.swift */ = {isa = PBXFileReference; lastKnownFileType = sourcecode.swift; path = VoteDetailListingViewModelTests.swift; sourceTree = "<group>"; };
		FF2C64C50A6163DFE30A0F3B /* Pods-Picme.debug.xcconfig */ = {isa = PBXFileReference; includeInIndex = 1; lastKnownFileType = text.xcconfig; name = "Pods-Picme.debug.xcconfig"; path = "Target Support Files/Pods-Picme/Pods-Picme.debug.xcconfig"; sourceTree = "<group>"; };
/* End PBXFileReference section */

/* Begin PBXFrameworksBuildPhase section */
		A9A1AD3C2699FAE600169D76 /* Frameworks */ = {
			isa = PBXFrameworksBuildPhase;
			buildActionMask = 2147483647;
			files = (
				521630CB556750301749121F /* Pods_Picme.framework in Frameworks */,
			);
			runOnlyForDeploymentPostprocessing = 0;
		};
		A9A1AD522699FAE800169D76 /* Frameworks */ = {
			isa = PBXFrameworksBuildPhase;
			buildActionMask = 2147483647;
			files = (
				7AA762B0B95B4242803315E5 /* Pods_PicmeTests.framework in Frameworks */,
			);
			runOnlyForDeploymentPostprocessing = 0;
		};
		A9A1AD5D2699FAE800169D76 /* Frameworks */ = {
			isa = PBXFrameworksBuildPhase;
			buildActionMask = 2147483647;
			files = (
				FFAF1D14C850C640DBD39898 /* Pods_Picme_PicmeUITests.framework in Frameworks */,
			);
			runOnlyForDeploymentPostprocessing = 0;
		};
/* End PBXFrameworksBuildPhase section */

/* Begin PBXGroup section */
		A0396ED13DD8B42990D3EDEC /* Frameworks */ = {
			isa = PBXGroup;
			children = (
				BB74E774F2085618C97D3804 /* Pods_Picme.framework */,
				99CB56FAF51F7B3577E0BB1C /* Pods_Picme_PicmeUITests.framework */,
				2B8846FE285BDFC765A499DA /* Pods_PicmeTests.framework */,
			);
			name = Frameworks;
			sourceTree = "<group>";
		};
		A91F57D026B7740D006F20AD /* Login */ = {
			isa = PBXGroup;
			children = (
				A95CD36426A30357002CCCA8 /* LoginModel.swift */,
				A91A904526B92BDB00C43D43 /* UserInfo.swift */,
			);
			path = Login;
			sourceTree = "<group>";
		};
		A91F57D526B7B632006F20AD /* Onboarding */ = {
			isa = PBXGroup;
			children = (
				A91F57D626B7B641006F20AD /* OnboardingViewModel.swift */,
			);
			path = Onboarding;
			sourceTree = "<group>";
		};
		A975287926B69E5B003EE1A9 /* Login */ = {
			isa = PBXGroup;
			children = (
				A96C9E8826AC2451001F279B /* LoginViewModel.swift */,
			);
			path = Login;
			sourceTree = "<group>";
		};
		A975287A26B69E65003EE1A9 /* Login */ = {
			isa = PBXGroup;
			children = (
				A95CD35D269EFBC8002CCCA8 /* LoginAPICenter.swift */,
			);
			path = Login;
			sourceTree = "<group>";
		};
		A975287B26B69E91003EE1A9 /* Onboarding */ = {
			isa = PBXGroup;
			children = (
				A975287C26B69EAF003EE1A9 /* Onboarding.storyboard */,
			);
			path = Onboarding;
			sourceTree = "<group>";
		};
		A975287E26B69F05003EE1A9 /* Onboarding */ = {
			isa = PBXGroup;
			children = (
				A91F57D326B7B261006F20AD /* OnboardingViewController.swift */,
			);
			path = Onboarding;
			sourceTree = "<group>";
		};
		A98C691226AC23D500AD9191 /* ViewModel */ = {
			isa = PBXGroup;
			children = (
				A91F57D526B7B632006F20AD /* Onboarding */,
				A975287926B69E5B003EE1A9 /* Login */,
				D1B51C9926BEAB1100928FF3 /* Main */,
			);
			path = ViewModel;
			sourceTree = "<group>";
		};
		A9A1AD362699FAE600169D76 = {
			isa = PBXGroup;
			children = (
				A9C12B95269C315E00729A74 /* .swiftlint.yml */,
				A9A1AD412699FAE600169D76 /* Picme */,
				A9A1AD582699FAE800169D76 /* PicmeTests */,
				A9A1AD632699FAE800169D76 /* PicmeUITests */,
				A9A1AD402699FAE600169D76 /* Products */,
				B479A2B92118C2749B552FBB /* Pods */,
				A0396ED13DD8B42990D3EDEC /* Frameworks */,
			);
			sourceTree = "<group>";
		};
		A9A1AD402699FAE600169D76 /* Products */ = {
			isa = PBXGroup;
			children = (
				A9A1AD3F2699FAE600169D76 /* Picme.app */,
				A9A1AD552699FAE800169D76 /* PicmeTests.xctest */,
				A9A1AD602699FAE800169D76 /* PicmeUITests.xctest */,
			);
			name = Products;
			sourceTree = "<group>";
		};
		A9A1AD412699FAE600169D76 /* Picme */ = {
			isa = PBXGroup;
			children = (
				A96C9E8A26AC249C001F279B /* Picme.entitlements */,
				A9C12B78269AB6E800729A74 /* Network */,
				A98C691226AC23D500AD9191 /* ViewModel */,
				A9C12B7C269AB72000729A74 /* View */,
				A9C12B76269AB6D900729A74 /* Model */,
				A9C12B79269AB6EE00729A74 /* Utility */,
				A9C12B7A269AB6F600729A74 /* Base */,
				A9C12B7B269AB70F00729A74 /* Configure */,
			);
			path = Picme;
			sourceTree = "<group>";
		};
		A9A1AD582699FAE800169D76 /* PicmeTests */ = {
			isa = PBXGroup;
			children = (
				A9A1AD592699FAE800169D76 /* PicmeTests.swift */,
				D1B51CE726BF68CE00928FF3 /* VoteDetailListingViewModelTests.swift */,
				A9A1AD5B2699FAE800169D76 /* Info.plist */,
			);
			path = PicmeTests;
			sourceTree = "<group>";
		};
		A9A1AD632699FAE800169D76 /* PicmeUITests */ = {
			isa = PBXGroup;
			children = (
				A9A1AD642699FAE800169D76 /* PicmeUITests.swift */,
				A9A1AD662699FAE800169D76 /* Info.plist */,
			);
			path = PicmeUITests;
			sourceTree = "<group>";
		};
		A9C12B74269AB6C500729A74 /* Storyboard */ = {
			isa = PBXGroup;
			children = (
				A975287B26B69E91003EE1A9 /* Onboarding */,
				D1449D9226A845270083418D /* Main */,
				A9C12B8F269C1A4000729A74 /* Login */,
			);
			path = Storyboard;
			sourceTree = "<group>";
		};
		A9C12B75269AB6CD00729A74 /* Controller */ = {
			isa = PBXGroup;
			children = (
				A975287E26B69F05003EE1A9 /* Onboarding */,
				D1449D9526A846460083418D /* Main */,
				A9C12B90269C1A4C00729A74 /* Login */,
			);
			path = Controller;
			sourceTree = "<group>";
		};
		A9C12B76269AB6D900729A74 /* Model */ = {
			isa = PBXGroup;
			children = (
				A91F57D026B7740D006F20AD /* Login */,
				D180457726B402D50053430E /* Main */,
			);
			path = Model;
			sourceTree = "<group>";
		};
		A9C12B78269AB6E800729A74 /* Network */ = {
			isa = PBXGroup;
			children = (
				A975287A26B69E65003EE1A9 /* Login */,
				D1B51CA226BEB6CB00928FF3 /* Main */,
				A975287726B69DE1003EE1A9 /* ImageAPICenter.swift */,
			);
			path = Network;
			sourceTree = "<group>";
		};
		A9C12B79269AB6EE00729A74 /* Utility */ = {
			isa = PBXGroup;
			children = (
				A9C12B85269ABE5B00729A74 /* Enum */,
				A9C12B84269ABE5500729A74 /* Protocol */,
				A9C12B83269ABD7D00729A74 /* Extension */,
			);
			path = Utility;
			sourceTree = "<group>";
		};
		A9C12B7A269AB6F600729A74 /* Base */ = {
			isa = PBXGroup;
			children = (
				A9C12B7D269AB7B900729A74 /* BaseViewContoller.swift */,
				A9C12B86269C137600729A74 /* Dynamic.swift */,
				D180456B26B3E8DD0053430E /* APIConstants.swift */,
				D1B51C9A26BEAD2C00928FF3 /* GenericDataSource.swift */,
			);
			path = Base;
			sourceTree = "<group>";
		};
		A9C12B7B269AB70F00729A74 /* Configure */ = {
			isa = PBXGroup;
			children = (
				A9A1AD422699FAE600169D76 /* AppDelegate.swift */,
				A9A1AD442699FAE600169D76 /* SceneDelegate.swift */,
				A9A1AD4B2699FAE800169D76 /* Assets.xcassets */,
				A9A1AD4D2699FAE800169D76 /* LaunchScreen.storyboard */,
				A9A1AD502699FAE800169D76 /* Info.plist */,
			);
			path = Configure;
			sourceTree = "<group>";
		};
		A9C12B7C269AB72000729A74 /* View */ = {
			isa = PBXGroup;
			children = (
				A9C12B75269AB6CD00729A74 /* Controller */,
				A9C12B74269AB6C500729A74 /* Storyboard */,
			);
			path = View;
			sourceTree = "<group>";
		};
		A9C12B83269ABD7D00729A74 /* Extension */ = {
			isa = PBXGroup;
			children = (
				A9C12B7F269AB86A00729A74 /* Extension+UIColor.swift */,
				A9C12B81269AB94B00729A74 /* Extension+UIFont.swift */,
				A9C12B8A269C158900729A74 /* Extension+UITableView.swift */,
				A9C12B8C269C170C00729A74 /* Extension+CollectionView.swift */,
				A95CD35B269EFB66002CCCA8 /* Extension+URLSession,Request.swift */,
			);
			path = Extension;
			sourceTree = "<group>";
		};
		A9C12B84269ABE5500729A74 /* Protocol */ = {
			isa = PBXGroup;
			children = (
				A9C12B88269C14FF00729A74 /* Protocol+ResuableCell.swift */,
				A95CD34D269DA66C002CCCA8 /* Protocol+LoginState.swift */,
				D1B51CA526BEE7B000928FF3 /* Protocol+CollectionViewCellDelegate.swift */,
			);
			path = Protocol;
			sourceTree = "<group>";
		};
		A9C12B85269ABE5B00729A74 /* Enum */ = {
			isa = PBXGroup;
			children = (
				A95CD353269EB2BF002CCCA8 /* Enum+APIError.swift */,
				A95CD355269EB5B7002CCCA8 /* Enum+HTTPMethod.swift */,
			);
			path = Enum;
			sourceTree = "<group>";
		};
		A9C12B8F269C1A4000729A74 /* Login */ = {
			isa = PBXGroup;
			children = (
				A9C12B91269C1A7A00729A74 /* Login.storyboard */,
			);
			path = Login;
			sourceTree = "<group>";
		};
		A9C12B90269C1A4C00729A74 /* Login */ = {
			isa = PBXGroup;
			children = (
				A975288126B74322003EE1A9 /* LoginViewController.swift */,
			);
			path = Login;
			sourceTree = "<group>";
		};
		B479A2B92118C2749B552FBB /* Pods */ = {
			isa = PBXGroup;
			children = (
				FF2C64C50A6163DFE30A0F3B /* Pods-Picme.debug.xcconfig */,
				CE1E7EEC4130AD59C5A0B524 /* Pods-Picme.release.xcconfig */,
				7A3DD7BD640EF7D7BB302398 /* Pods-Picme-PicmeUITests.debug.xcconfig */,
				CCA73C122FAB6E7E7E132CEB /* Pods-Picme-PicmeUITests.release.xcconfig */,
				95A7318E3A14E589BF7BB1AF /* Pods-PicmeTests.debug.xcconfig */,
				2F1B399915A7CA7035BA4111 /* Pods-PicmeTests.release.xcconfig */,
			);
			path = Pods;
			sourceTree = "<group>";
		};
		D1449D9226A845270083418D /* Main */ = {
			isa = PBXGroup;
			children = (
				D1449D9326A845370083418D /* Main.storyboard */,
			);
			path = Main;
			sourceTree = "<group>";
		};
		D1449D9526A846460083418D /* Main */ = {
			isa = PBXGroup;
			children = (
				D180457A26B423560053430E /* Cell */,
				D1449D9826A848610083418D /* MainViewController.swift */,
				D11C2DC026B82AA100C8EE51 /* VoteDetailViewController.swift */,
			);
			path = Main;
			sourceTree = "<group>";
		};
		D180457726B402D50053430E /* Main */ = {
			isa = PBXGroup;
			children = (
				D180457226B3EAB90053430E /* MainModel.swift */,
				D1B51C9E26BEB26300928FF3 /* VoteDetailModel.swift */,
			);
			path = Main;
			sourceTree = "<group>";
		};
		D180457A26B423560053430E /* Cell */ = {
			isa = PBXGroup;
			children = (
				D180456726B3E2850053430E /* MainTableViewCell.swift */,
				D180456926B3E2940053430E /* MainCollectionViewCell.swift */,
				D11C2DC226B947B100C8EE51 /* LoadingTableViewCell.swift */,
				D1B51C9526BE9EA500928FF3 /* VoteDetailCollectionViewCell.swift */,
				D1B51C9726BE9EB000928FF3 /* VoteDetailTableViewCell.swift */,
			);
			path = Cell;
			sourceTree = "<group>";
		};
		D1B51C9926BEAB1100928FF3 /* Main */ = {
			isa = PBXGroup;
			children = (
				D180457526B3F03B0053430E /* MainViewModel.swift */,
				D1B51CA026BEB56700928FF3 /* VoteDetailViewModel.swift */,
			);
			path = Main;
			sourceTree = "<group>";
		};
		D1B51CA226BEB6CB00928FF3 /* Main */ = {
			isa = PBXGroup;
			children = (
				D180456D26B3E93C0053430E /* MainService.swift */,
				D1B51CA326BEB72400928FF3 /* VoteDetailService.swift */,
			);
			path = Main;
			sourceTree = "<group>";
		};
/* End PBXGroup section */

/* Begin PBXNativeTarget section */
		A9A1AD3E2699FAE600169D76 /* Picme */ = {
			isa = PBXNativeTarget;
			buildConfigurationList = A9A1AD692699FAE800169D76 /* Build configuration list for PBXNativeTarget "Picme" */;
			buildPhases = (
				88794663FD404E94E72B8487 /* [CP] Check Pods Manifest.lock */,
				A9A1AD3B2699FAE600169D76 /* Sources */,
				A9A1AD3C2699FAE600169D76 /* Frameworks */,
				A9A1AD3D2699FAE600169D76 /* Resources */,
				A9C12B97269C31AC00729A74 /* ShellScript */,
				38E0222B9F2E3675B420EE4F /* [CP] Embed Pods Frameworks */,
				DC8E79990E4993E91A02261F /* [CP] Copy Pods Resources */,
			);
			buildRules = (
			);
			dependencies = (
			);
			name = Picme;
			productName = "dnd-5th-1-iOS";
			productReference = A9A1AD3F2699FAE600169D76 /* Picme.app */;
			productType = "com.apple.product-type.application";
		};
		A9A1AD542699FAE800169D76 /* PicmeTests */ = {
			isa = PBXNativeTarget;
			buildConfigurationList = A9A1AD6C2699FAE800169D76 /* Build configuration list for PBXNativeTarget "PicmeTests" */;
			buildPhases = (
				1A3086A1AB660BE9C98AE7D5 /* [CP] Check Pods Manifest.lock */,
				A9A1AD512699FAE800169D76 /* Sources */,
				A9A1AD522699FAE800169D76 /* Frameworks */,
				A9A1AD532699FAE800169D76 /* Resources */,
			);
			buildRules = (
			);
			dependencies = (
				A9A1AD572699FAE800169D76 /* PBXTargetDependency */,
			);
			name = PicmeTests;
			productName = "dnd-5th-1-iOSTests";
			productReference = A9A1AD552699FAE800169D76 /* PicmeTests.xctest */;
			productType = "com.apple.product-type.bundle.unit-test";
		};
		A9A1AD5F2699FAE800169D76 /* PicmeUITests */ = {
			isa = PBXNativeTarget;
			buildConfigurationList = A9A1AD6F2699FAE800169D76 /* Build configuration list for PBXNativeTarget "PicmeUITests" */;
			buildPhases = (
				9CEAAEDB6B5D264876ED9793 /* [CP] Check Pods Manifest.lock */,
				A9A1AD5C2699FAE800169D76 /* Sources */,
				A9A1AD5D2699FAE800169D76 /* Frameworks */,
				A9A1AD5E2699FAE800169D76 /* Resources */,
				C1835FD42B1809FC9029F422 /* [CP] Embed Pods Frameworks */,
				3FA8E547113F059544FE0316 /* [CP] Copy Pods Resources */,
			);
			buildRules = (
			);
			dependencies = (
				A9A1AD622699FAE800169D76 /* PBXTargetDependency */,
			);
			name = PicmeUITests;
			productName = "dnd-5th-1-iOSUITests";
			productReference = A9A1AD602699FAE800169D76 /* PicmeUITests.xctest */;
			productType = "com.apple.product-type.bundle.ui-testing";
		};
/* End PBXNativeTarget section */

/* Begin PBXProject section */
		A9A1AD372699FAE600169D76 /* Project object */ = {
			isa = PBXProject;
			attributes = {
				LastSwiftUpdateCheck = 1250;
				LastUpgradeCheck = 1250;
				TargetAttributes = {
					A9A1AD3E2699FAE600169D76 = {
						CreatedOnToolsVersion = 12.5;
					};
					A9A1AD542699FAE800169D76 = {
						CreatedOnToolsVersion = 12.5;
						TestTargetID = A9A1AD3E2699FAE600169D76;
					};
					A9A1AD5F2699FAE800169D76 = {
						CreatedOnToolsVersion = 12.5;
						TestTargetID = A9A1AD3E2699FAE600169D76;
					};
				};
			};
			buildConfigurationList = A9A1AD3A2699FAE600169D76 /* Build configuration list for PBXProject "Picme" */;
			compatibilityVersion = "Xcode 9.3";
			developmentRegion = en;
			hasScannedForEncodings = 0;
			knownRegions = (
				en,
				Base,
			);
			mainGroup = A9A1AD362699FAE600169D76;
			productRefGroup = A9A1AD402699FAE600169D76 /* Products */;
			projectDirPath = "";
			projectRoot = "";
			targets = (
				A9A1AD3E2699FAE600169D76 /* Picme */,
				A9A1AD542699FAE800169D76 /* PicmeTests */,
				A9A1AD5F2699FAE800169D76 /* PicmeUITests */,
			);
		};
/* End PBXProject section */

/* Begin PBXResourcesBuildPhase section */
		A9A1AD3D2699FAE600169D76 /* Resources */ = {
			isa = PBXResourcesBuildPhase;
			buildActionMask = 2147483647;
			files = (
				A9C12B96269C315E00729A74 /* .swiftlint.yml in Resources */,
				D1449D9426A845370083418D /* Main.storyboard in Resources */,
				A9C12B92269C1A7A00729A74 /* Login.storyboard in Resources */,
				A975287D26B69EAF003EE1A9 /* Onboarding.storyboard in Resources */,
				A9A1AD4F2699FAE800169D76 /* LaunchScreen.storyboard in Resources */,
				A9A1AD4C2699FAE800169D76 /* Assets.xcassets in Resources */,
			);
			runOnlyForDeploymentPostprocessing = 0;
		};
		A9A1AD532699FAE800169D76 /* Resources */ = {
			isa = PBXResourcesBuildPhase;
			buildActionMask = 2147483647;
			files = (
			);
			runOnlyForDeploymentPostprocessing = 0;
		};
		A9A1AD5E2699FAE800169D76 /* Resources */ = {
			isa = PBXResourcesBuildPhase;
			buildActionMask = 2147483647;
			files = (
			);
			runOnlyForDeploymentPostprocessing = 0;
		};
/* End PBXResourcesBuildPhase section */

/* Begin PBXShellScriptBuildPhase section */
		1A3086A1AB660BE9C98AE7D5 /* [CP] Check Pods Manifest.lock */ = {
			isa = PBXShellScriptBuildPhase;
			buildActionMask = 2147483647;
			files = (
			);
			inputFileListPaths = (
			);
			inputPaths = (
				"${PODS_PODFILE_DIR_PATH}/Podfile.lock",
				"${PODS_ROOT}/Manifest.lock",
			);
			name = "[CP] Check Pods Manifest.lock";
			outputFileListPaths = (
			);
			outputPaths = (
				"$(DERIVED_FILE_DIR)/Pods-PicmeTests-checkManifestLockResult.txt",
			);
			runOnlyForDeploymentPostprocessing = 0;
			shellPath = /bin/sh;
			shellScript = "diff \"${PODS_PODFILE_DIR_PATH}/Podfile.lock\" \"${PODS_ROOT}/Manifest.lock\" > /dev/null\nif [ $? != 0 ] ; then\n    # print error to STDERR\n    echo \"error: The sandbox is not in sync with the Podfile.lock. Run 'pod install' or update your CocoaPods installation.\" >&2\n    exit 1\nfi\n# This output is used by Xcode 'outputs' to avoid re-running this script phase.\necho \"SUCCESS\" > \"${SCRIPT_OUTPUT_FILE_0}\"\n";
			showEnvVarsInLog = 0;
		};
		38E0222B9F2E3675B420EE4F /* [CP] Embed Pods Frameworks */ = {
			isa = PBXShellScriptBuildPhase;
			buildActionMask = 2147483647;
			files = (
			);
			inputFileListPaths = (
				"${PODS_ROOT}/Target Support Files/Pods-Picme/Pods-Picme-frameworks-${CONFIGURATION}-input-files.xcfilelist",
			);
			name = "[CP] Embed Pods Frameworks";
			outputFileListPaths = (
				"${PODS_ROOT}/Target Support Files/Pods-Picme/Pods-Picme-frameworks-${CONFIGURATION}-output-files.xcfilelist",
			);
			runOnlyForDeploymentPostprocessing = 0;
			shellPath = /bin/sh;
			shellScript = "\"${PODS_ROOT}/Target Support Files/Pods-Picme/Pods-Picme-frameworks.sh\"\n";
			showEnvVarsInLog = 0;
		};
		3FA8E547113F059544FE0316 /* [CP] Copy Pods Resources */ = {
			isa = PBXShellScriptBuildPhase;
			buildActionMask = 2147483647;
			files = (
			);
			inputFileListPaths = (
				"${PODS_ROOT}/Target Support Files/Pods-Picme-PicmeUITests/Pods-Picme-PicmeUITests-resources-${CONFIGURATION}-input-files.xcfilelist",
			);
			name = "[CP] Copy Pods Resources";
			outputFileListPaths = (
				"${PODS_ROOT}/Target Support Files/Pods-Picme-PicmeUITests/Pods-Picme-PicmeUITests-resources-${CONFIGURATION}-output-files.xcfilelist",
			);
			runOnlyForDeploymentPostprocessing = 0;
			shellPath = /bin/sh;
			shellScript = "\"${PODS_ROOT}/Target Support Files/Pods-Picme-PicmeUITests/Pods-Picme-PicmeUITests-resources.sh\"\n";
			showEnvVarsInLog = 0;
		};
		88794663FD404E94E72B8487 /* [CP] Check Pods Manifest.lock */ = {
			isa = PBXShellScriptBuildPhase;
			buildActionMask = 2147483647;
			files = (
			);
			inputFileListPaths = (
			);
			inputPaths = (
				"${PODS_PODFILE_DIR_PATH}/Podfile.lock",
				"${PODS_ROOT}/Manifest.lock",
			);
			name = "[CP] Check Pods Manifest.lock";
			outputFileListPaths = (
			);
			outputPaths = (
				"$(DERIVED_FILE_DIR)/Pods-Picme-checkManifestLockResult.txt",
			);
			runOnlyForDeploymentPostprocessing = 0;
			shellPath = /bin/sh;
			shellScript = "diff \"${PODS_PODFILE_DIR_PATH}/Podfile.lock\" \"${PODS_ROOT}/Manifest.lock\" > /dev/null\nif [ $? != 0 ] ; then\n    # print error to STDERR\n    echo \"error: The sandbox is not in sync with the Podfile.lock. Run 'pod install' or update your CocoaPods installation.\" >&2\n    exit 1\nfi\n# This output is used by Xcode 'outputs' to avoid re-running this script phase.\necho \"SUCCESS\" > \"${SCRIPT_OUTPUT_FILE_0}\"\n";
			showEnvVarsInLog = 0;
		};
		9CEAAEDB6B5D264876ED9793 /* [CP] Check Pods Manifest.lock */ = {
			isa = PBXShellScriptBuildPhase;
			buildActionMask = 2147483647;
			files = (
			);
			inputFileListPaths = (
			);
			inputPaths = (
				"${PODS_PODFILE_DIR_PATH}/Podfile.lock",
				"${PODS_ROOT}/Manifest.lock",
			);
			name = "[CP] Check Pods Manifest.lock";
			outputFileListPaths = (
			);
			outputPaths = (
				"$(DERIVED_FILE_DIR)/Pods-Picme-PicmeUITests-checkManifestLockResult.txt",
			);
			runOnlyForDeploymentPostprocessing = 0;
			shellPath = /bin/sh;
			shellScript = "diff \"${PODS_PODFILE_DIR_PATH}/Podfile.lock\" \"${PODS_ROOT}/Manifest.lock\" > /dev/null\nif [ $? != 0 ] ; then\n    # print error to STDERR\n    echo \"error: The sandbox is not in sync with the Podfile.lock. Run 'pod install' or update your CocoaPods installation.\" >&2\n    exit 1\nfi\n# This output is used by Xcode 'outputs' to avoid re-running this script phase.\necho \"SUCCESS\" > \"${SCRIPT_OUTPUT_FILE_0}\"\n";
			showEnvVarsInLog = 0;
		};
		A9C12B97269C31AC00729A74 /* ShellScript */ = {
			isa = PBXShellScriptBuildPhase;
			buildActionMask = 2147483647;
			files = (
			);
			inputFileListPaths = (
			);
			inputPaths = (
			);
			outputFileListPaths = (
			);
			outputPaths = (
			);
			runOnlyForDeploymentPostprocessing = 0;
			shellPath = /bin/sh;
			shellScript = "${PODS_ROOT}/SwiftLint/swiftlint\n";
		};
		C1835FD42B1809FC9029F422 /* [CP] Embed Pods Frameworks */ = {
			isa = PBXShellScriptBuildPhase;
			buildActionMask = 2147483647;
			files = (
			);
			inputFileListPaths = (
				"${PODS_ROOT}/Target Support Files/Pods-Picme-PicmeUITests/Pods-Picme-PicmeUITests-frameworks-${CONFIGURATION}-input-files.xcfilelist",
			);
			name = "[CP] Embed Pods Frameworks";
			outputFileListPaths = (
				"${PODS_ROOT}/Target Support Files/Pods-Picme-PicmeUITests/Pods-Picme-PicmeUITests-frameworks-${CONFIGURATION}-output-files.xcfilelist",
			);
			runOnlyForDeploymentPostprocessing = 0;
			shellPath = /bin/sh;
			shellScript = "\"${PODS_ROOT}/Target Support Files/Pods-Picme-PicmeUITests/Pods-Picme-PicmeUITests-frameworks.sh\"\n";
			showEnvVarsInLog = 0;
		};
		DC8E79990E4993E91A02261F /* [CP] Copy Pods Resources */ = {
			isa = PBXShellScriptBuildPhase;
			buildActionMask = 2147483647;
			files = (
			);
			inputFileListPaths = (
				"${PODS_ROOT}/Target Support Files/Pods-Picme/Pods-Picme-resources-${CONFIGURATION}-input-files.xcfilelist",
			);
			name = "[CP] Copy Pods Resources";
			outputFileListPaths = (
				"${PODS_ROOT}/Target Support Files/Pods-Picme/Pods-Picme-resources-${CONFIGURATION}-output-files.xcfilelist",
			);
			runOnlyForDeploymentPostprocessing = 0;
			shellPath = /bin/sh;
			shellScript = "\"${PODS_ROOT}/Target Support Files/Pods-Picme/Pods-Picme-resources.sh\"\n";
			showEnvVarsInLog = 0;
		};
/* End PBXShellScriptBuildPhase section */

/* Begin PBXSourcesBuildPhase section */
		A9A1AD3B2699FAE600169D76 /* Sources */ = {
			isa = PBXSourcesBuildPhase;
			buildActionMask = 2147483647;
			files = (
				A95CD35C269EFB66002CCCA8 /* Extension+URLSession,Request.swift in Sources */,
				A975288226B74322003EE1A9 /* LoginViewController.swift in Sources */,
				A9C12B80269AB86A00729A74 /* Extension+UIColor.swift in Sources */,
				A9A1AD432699FAE600169D76 /* AppDelegate.swift in Sources */,
				A91F57D726B7B641006F20AD /* OnboardingViewModel.swift in Sources */,
				D180456826B3E2850053430E /* MainTableViewCell.swift in Sources */,
				A91F57D426B7B261006F20AD /* OnboardingViewController.swift in Sources */,
				A95CD34E269DA66C002CCCA8 /* Protocol+LoginState.swift in Sources */,
				D1B51C9B26BEAD2C00928FF3 /* GenericDataSource.swift in Sources */,
				A9C12B87269C137600729A74 /* Dynamic.swift in Sources */,
				D1B51C9626BE9EA500928FF3 /* VoteDetailCollectionViewCell.swift in Sources */,
				A95CD35E269EFBC8002CCCA8 /* LoginAPICenter.swift in Sources */,
				D180456A26B3E2940053430E /* MainCollectionViewCell.swift in Sources */,
				D180456E26B3E93C0053430E /* MainService.swift in Sources */,
				A91A904626B92BDB00C43D43 /* UserInfo.swift in Sources */,
				D1B51CA426BEB72400928FF3 /* VoteDetailService.swift in Sources */,
				D180456C26B3E8DD0053430E /* APIConstants.swift in Sources */,
				A975287826B69DE1003EE1A9 /* ImageAPICenter.swift in Sources */,
				A9C12B8D269C170C00729A74 /* Extension+CollectionView.swift in Sources */,
				A9C12B7E269AB7B900729A74 /* BaseViewContoller.swift in Sources */,
				A96C9E8926AC2451001F279B /* LoginViewModel.swift in Sources */,
				D180457326B3EAB90053430E /* MainModel.swift in Sources */,
				A9C12B82269AB94B00729A74 /* Extension+UIFont.swift in Sources */,
				A9C12B89269C14FF00729A74 /* Protocol+ResuableCell.swift in Sources */,
				A9C12B8B269C158900729A74 /* Extension+UITableView.swift in Sources */,
				A9A1AD452699FAE600169D76 /* SceneDelegate.swift in Sources */,
				A95CD36526A30357002CCCA8 /* LoginModel.swift in Sources */,
				D1B51CA626BEE7B000928FF3 /* Protocol+CollectionViewCellDelegate.swift in Sources */,
				D1B51C9826BE9EB000928FF3 /* VoteDetailTableViewCell.swift in Sources */,
				D1B51C9F26BEB26300928FF3 /* VoteDetailModel.swift in Sources */,
				D11C2DC326B947B100C8EE51 /* LoadingTableViewCell.swift in Sources */,
				D1B51CA126BEB56700928FF3 /* VoteDetailViewModel.swift in Sources */,
				A95CD36526A30357002CCCA8 /* LoginModel.swift in Sources */,
				D1449D9926A848610083418D /* MainViewController.swift in Sources */,
				A95CD354269EB2BF002CCCA8 /* Enum+APIError.swift in Sources */,
				D11C2DC126B82AA100C8EE51 /* VoteDetailViewController.swift in Sources */,
				A95CD356269EB5B7002CCCA8 /* Enum+HTTPMethod.swift in Sources */,
				D180457626B3F03B0053430E /* MainViewModel.swift in Sources */,
			);
			runOnlyForDeploymentPostprocessing = 0;
		};
		A9A1AD512699FAE800169D76 /* Sources */ = {
			isa = PBXSourcesBuildPhase;
			buildActionMask = 2147483647;
			files = (
				D1B51CE826BF68CE00928FF3 /* VoteDetailListingViewModelTests.swift in Sources */,
				A9A1AD5A2699FAE800169D76 /* PicmeTests.swift in Sources */,
			);
			runOnlyForDeploymentPostprocessing = 0;
		};
		A9A1AD5C2699FAE800169D76 /* Sources */ = {
			isa = PBXSourcesBuildPhase;
			buildActionMask = 2147483647;
			files = (
				A9A1AD652699FAE800169D76 /* PicmeUITests.swift in Sources */,
			);
			runOnlyForDeploymentPostprocessing = 0;
		};
/* End PBXSourcesBuildPhase section */

/* Begin PBXTargetDependency section */
		A9A1AD572699FAE800169D76 /* PBXTargetDependency */ = {
			isa = PBXTargetDependency;
			target = A9A1AD3E2699FAE600169D76 /* Picme */;
			targetProxy = A9A1AD562699FAE800169D76 /* PBXContainerItemProxy */;
		};
		A9A1AD622699FAE800169D76 /* PBXTargetDependency */ = {
			isa = PBXTargetDependency;
			target = A9A1AD3E2699FAE600169D76 /* Picme */;
			targetProxy = A9A1AD612699FAE800169D76 /* PBXContainerItemProxy */;
		};
/* End PBXTargetDependency section */

/* Begin PBXVariantGroup section */
		A9A1AD4D2699FAE800169D76 /* LaunchScreen.storyboard */ = {
			isa = PBXVariantGroup;
			children = (
				A9A1AD4E2699FAE800169D76 /* Base */,
			);
			name = LaunchScreen.storyboard;
			sourceTree = "<group>";
		};
/* End PBXVariantGroup section */

/* Begin XCBuildConfiguration section */
		A9A1AD672699FAE800169D76 /* Debug */ = {
			isa = XCBuildConfiguration;
			buildSettings = {
				ALWAYS_SEARCH_USER_PATHS = NO;
				CLANG_ANALYZER_NONNULL = YES;
				CLANG_ANALYZER_NUMBER_OBJECT_CONVERSION = YES_AGGRESSIVE;
				CLANG_CXX_LANGUAGE_STANDARD = "gnu++14";
				CLANG_CXX_LIBRARY = "libc++";
				CLANG_ENABLE_MODULES = YES;
				CLANG_ENABLE_OBJC_ARC = YES;
				CLANG_ENABLE_OBJC_WEAK = YES;
				CLANG_WARN_BLOCK_CAPTURE_AUTORELEASING = YES;
				CLANG_WARN_BOOL_CONVERSION = YES;
				CLANG_WARN_COMMA = YES;
				CLANG_WARN_CONSTANT_CONVERSION = YES;
				CLANG_WARN_DEPRECATED_OBJC_IMPLEMENTATIONS = YES;
				CLANG_WARN_DIRECT_OBJC_ISA_USAGE = YES_ERROR;
				CLANG_WARN_DOCUMENTATION_COMMENTS = YES;
				CLANG_WARN_EMPTY_BODY = YES;
				CLANG_WARN_ENUM_CONVERSION = YES;
				CLANG_WARN_INFINITE_RECURSION = YES;
				CLANG_WARN_INT_CONVERSION = YES;
				CLANG_WARN_NON_LITERAL_NULL_CONVERSION = YES;
				CLANG_WARN_OBJC_IMPLICIT_RETAIN_SELF = YES;
				CLANG_WARN_OBJC_LITERAL_CONVERSION = YES;
				CLANG_WARN_OBJC_ROOT_CLASS = YES_ERROR;
				CLANG_WARN_QUOTED_INCLUDE_IN_FRAMEWORK_HEADER = YES;
				CLANG_WARN_RANGE_LOOP_ANALYSIS = YES;
				CLANG_WARN_STRICT_PROTOTYPES = YES;
				CLANG_WARN_SUSPICIOUS_MOVE = YES;
				CLANG_WARN_UNGUARDED_AVAILABILITY = YES_AGGRESSIVE;
				CLANG_WARN_UNREACHABLE_CODE = YES;
				CLANG_WARN__DUPLICATE_METHOD_MATCH = YES;
				COPY_PHASE_STRIP = NO;
				DEBUG_INFORMATION_FORMAT = dwarf;
				ENABLE_STRICT_OBJC_MSGSEND = YES;
				ENABLE_TESTABILITY = YES;
				GCC_C_LANGUAGE_STANDARD = gnu11;
				GCC_DYNAMIC_NO_PIC = NO;
				GCC_NO_COMMON_BLOCKS = YES;
				GCC_OPTIMIZATION_LEVEL = 0;
				GCC_PREPROCESSOR_DEFINITIONS = (
					"DEBUG=1",
					"$(inherited)",
				);
				GCC_WARN_64_TO_32_BIT_CONVERSION = YES;
				GCC_WARN_ABOUT_RETURN_TYPE = YES_ERROR;
				GCC_WARN_UNDECLARED_SELECTOR = YES;
				GCC_WARN_UNINITIALIZED_AUTOS = YES_AGGRESSIVE;
				GCC_WARN_UNUSED_FUNCTION = YES;
				GCC_WARN_UNUSED_VARIABLE = YES;
				IPHONEOS_DEPLOYMENT_TARGET = 13.0;
				MTL_ENABLE_DEBUG_INFO = INCLUDE_SOURCE;
				MTL_FAST_MATH = YES;
				ONLY_ACTIVE_ARCH = YES;
				SDKROOT = iphoneos;
				SWIFT_ACTIVE_COMPILATION_CONDITIONS = DEBUG;
				SWIFT_OPTIMIZATION_LEVEL = "-Onone";
			};
			name = Debug;
		};
		A9A1AD682699FAE800169D76 /* Release */ = {
			isa = XCBuildConfiguration;
			buildSettings = {
				ALWAYS_SEARCH_USER_PATHS = NO;
				CLANG_ANALYZER_NONNULL = YES;
				CLANG_ANALYZER_NUMBER_OBJECT_CONVERSION = YES_AGGRESSIVE;
				CLANG_CXX_LANGUAGE_STANDARD = "gnu++14";
				CLANG_CXX_LIBRARY = "libc++";
				CLANG_ENABLE_MODULES = YES;
				CLANG_ENABLE_OBJC_ARC = YES;
				CLANG_ENABLE_OBJC_WEAK = YES;
				CLANG_WARN_BLOCK_CAPTURE_AUTORELEASING = YES;
				CLANG_WARN_BOOL_CONVERSION = YES;
				CLANG_WARN_COMMA = YES;
				CLANG_WARN_CONSTANT_CONVERSION = YES;
				CLANG_WARN_DEPRECATED_OBJC_IMPLEMENTATIONS = YES;
				CLANG_WARN_DIRECT_OBJC_ISA_USAGE = YES_ERROR;
				CLANG_WARN_DOCUMENTATION_COMMENTS = YES;
				CLANG_WARN_EMPTY_BODY = YES;
				CLANG_WARN_ENUM_CONVERSION = YES;
				CLANG_WARN_INFINITE_RECURSION = YES;
				CLANG_WARN_INT_CONVERSION = YES;
				CLANG_WARN_NON_LITERAL_NULL_CONVERSION = YES;
				CLANG_WARN_OBJC_IMPLICIT_RETAIN_SELF = YES;
				CLANG_WARN_OBJC_LITERAL_CONVERSION = YES;
				CLANG_WARN_OBJC_ROOT_CLASS = YES_ERROR;
				CLANG_WARN_QUOTED_INCLUDE_IN_FRAMEWORK_HEADER = YES;
				CLANG_WARN_RANGE_LOOP_ANALYSIS = YES;
				CLANG_WARN_STRICT_PROTOTYPES = YES;
				CLANG_WARN_SUSPICIOUS_MOVE = YES;
				CLANG_WARN_UNGUARDED_AVAILABILITY = YES_AGGRESSIVE;
				CLANG_WARN_UNREACHABLE_CODE = YES;
				CLANG_WARN__DUPLICATE_METHOD_MATCH = YES;
				COPY_PHASE_STRIP = NO;
				DEBUG_INFORMATION_FORMAT = "dwarf-with-dsym";
				ENABLE_NS_ASSERTIONS = NO;
				ENABLE_STRICT_OBJC_MSGSEND = YES;
				GCC_C_LANGUAGE_STANDARD = gnu11;
				GCC_NO_COMMON_BLOCKS = YES;
				GCC_WARN_64_TO_32_BIT_CONVERSION = YES;
				GCC_WARN_ABOUT_RETURN_TYPE = YES_ERROR;
				GCC_WARN_UNDECLARED_SELECTOR = YES;
				GCC_WARN_UNINITIALIZED_AUTOS = YES_AGGRESSIVE;
				GCC_WARN_UNUSED_FUNCTION = YES;
				GCC_WARN_UNUSED_VARIABLE = YES;
				IPHONEOS_DEPLOYMENT_TARGET = 13.0;
				MTL_ENABLE_DEBUG_INFO = NO;
				MTL_FAST_MATH = YES;
				SDKROOT = iphoneos;
				SWIFT_COMPILATION_MODE = wholemodule;
				SWIFT_OPTIMIZATION_LEVEL = "-O";
				VALIDATE_PRODUCT = YES;
			};
			name = Release;
		};
		A9A1AD6A2699FAE800169D76 /* Debug */ = {
			isa = XCBuildConfiguration;
			baseConfigurationReference = FF2C64C50A6163DFE30A0F3B /* Pods-Picme.debug.xcconfig */;
			buildSettings = {
				ASSETCATALOG_COMPILER_APPICON_NAME = AppIcon;
				ASSETCATALOG_COMPILER_GLOBAL_ACCENT_COLOR_NAME = AccentColor;
				CODE_SIGN_ENTITLEMENTS = Picme/Picme.entitlements;
				CODE_SIGN_STYLE = Automatic;
				DEVELOPMENT_TEAM = S63RBKT6UQ;
				INFOPLIST_FILE = Picme/Configure/Info.plist;
				IPHONEOS_DEPLOYMENT_TARGET = 13.0;
				LD_RUNPATH_SEARCH_PATHS = (
					"$(inherited)",
					"@executable_path/Frameworks",
				);
				PRODUCT_BUNDLE_IDENTIFIER = com.PicmeDnD5;
				PRODUCT_NAME = "$(TARGET_NAME)";
				SWIFT_VERSION = 5.0;
				TARGETED_DEVICE_FAMILY = 1;
			};
			name = Debug;
		};
		A9A1AD6B2699FAE800169D76 /* Release */ = {
			isa = XCBuildConfiguration;
			baseConfigurationReference = CE1E7EEC4130AD59C5A0B524 /* Pods-Picme.release.xcconfig */;
			buildSettings = {
				ASSETCATALOG_COMPILER_APPICON_NAME = AppIcon;
				ASSETCATALOG_COMPILER_GLOBAL_ACCENT_COLOR_NAME = AccentColor;
				CODE_SIGN_ENTITLEMENTS = Picme/Picme.entitlements;
				CODE_SIGN_STYLE = Automatic;
				DEVELOPMENT_TEAM = S63RBKT6UQ;
				INFOPLIST_FILE = Picme/Configure/Info.plist;
				IPHONEOS_DEPLOYMENT_TARGET = 13.0;
				LD_RUNPATH_SEARCH_PATHS = (
					"$(inherited)",
					"@executable_path/Frameworks",
				);
				PRODUCT_BUNDLE_IDENTIFIER = com.PicmeDnD5;
				PRODUCT_NAME = "$(TARGET_NAME)";
				SWIFT_VERSION = 5.0;
				TARGETED_DEVICE_FAMILY = 1;
			};
			name = Release;
		};
		A9A1AD6D2699FAE800169D76 /* Debug */ = {
			isa = XCBuildConfiguration;
			baseConfigurationReference = 95A7318E3A14E589BF7BB1AF /* Pods-PicmeTests.debug.xcconfig */;
			buildSettings = {
				ALWAYS_EMBED_SWIFT_STANDARD_LIBRARIES = YES;
				BUNDLE_LOADER = "$(TEST_HOST)";
				CODE_SIGN_STYLE = Automatic;
				INFOPLIST_FILE = PicmeTests/Info.plist;
				IPHONEOS_DEPLOYMENT_TARGET = 14.5;
				LD_RUNPATH_SEARCH_PATHS = (
					"$(inherited)",
					"@executable_path/Frameworks",
					"@loader_path/Frameworks",
				);
				PRODUCT_BUNDLE_IDENTIFIER = com.PicmeDnD5;
				PRODUCT_NAME = "$(TARGET_NAME)";
				SWIFT_VERSION = 5.0;
				TARGETED_DEVICE_FAMILY = "1,2";
				TEST_HOST = "$(BUILT_PRODUCTS_DIR)/Picme.app/Picme";
			};
			name = Debug;
		};
		A9A1AD6E2699FAE800169D76 /* Release */ = {
			isa = XCBuildConfiguration;
			baseConfigurationReference = 2F1B399915A7CA7035BA4111 /* Pods-PicmeTests.release.xcconfig */;
			buildSettings = {
				ALWAYS_EMBED_SWIFT_STANDARD_LIBRARIES = YES;
				BUNDLE_LOADER = "$(TEST_HOST)";
				CODE_SIGN_STYLE = Automatic;
				INFOPLIST_FILE = PicmeTests/Info.plist;
				IPHONEOS_DEPLOYMENT_TARGET = 14.5;
				LD_RUNPATH_SEARCH_PATHS = (
					"$(inherited)",
					"@executable_path/Frameworks",
					"@loader_path/Frameworks",
				);
				PRODUCT_BUNDLE_IDENTIFIER = com.PicmeDnD5;
				PRODUCT_NAME = "$(TARGET_NAME)";
				SWIFT_VERSION = 5.0;
				TARGETED_DEVICE_FAMILY = "1,2";
				TEST_HOST = "$(BUILT_PRODUCTS_DIR)/Picme.app/Picme";
			};
			name = Release;
		};
		A9A1AD702699FAE800169D76 /* Debug */ = {
			isa = XCBuildConfiguration;
			baseConfigurationReference = 7A3DD7BD640EF7D7BB302398 /* Pods-Picme-PicmeUITests.debug.xcconfig */;
			buildSettings = {
				ALWAYS_EMBED_SWIFT_STANDARD_LIBRARIES = YES;
				CODE_SIGN_STYLE = Automatic;
				INFOPLIST_FILE = PicmeUITests/Info.plist;
				LD_RUNPATH_SEARCH_PATHS = (
					"$(inherited)",
					"@executable_path/Frameworks",
					"@loader_path/Frameworks",
				);
				PRODUCT_BUNDLE_IDENTIFIER = com.PicmeDnD5;
				PRODUCT_NAME = "$(TARGET_NAME)";
				SWIFT_VERSION = 5.0;
				TARGETED_DEVICE_FAMILY = "1,2";
				TEST_TARGET_NAME = "dnd-5th-1-iOS";
			};
			name = Debug;
		};
		A9A1AD712699FAE800169D76 /* Release */ = {
			isa = XCBuildConfiguration;
			baseConfigurationReference = CCA73C122FAB6E7E7E132CEB /* Pods-Picme-PicmeUITests.release.xcconfig */;
			buildSettings = {
				ALWAYS_EMBED_SWIFT_STANDARD_LIBRARIES = YES;
				CODE_SIGN_STYLE = Automatic;
				INFOPLIST_FILE = PicmeUITests/Info.plist;
				LD_RUNPATH_SEARCH_PATHS = (
					"$(inherited)",
					"@executable_path/Frameworks",
					"@loader_path/Frameworks",
				);
				PRODUCT_BUNDLE_IDENTIFIER = com.PicmeDnD5;
				PRODUCT_NAME = "$(TARGET_NAME)";
				SWIFT_VERSION = 5.0;
				TARGETED_DEVICE_FAMILY = "1,2";
				TEST_TARGET_NAME = "dnd-5th-1-iOS";
			};
			name = Release;
		};
/* End XCBuildConfiguration section */

/* Begin XCConfigurationList section */
		A9A1AD3A2699FAE600169D76 /* Build configuration list for PBXProject "Picme" */ = {
			isa = XCConfigurationList;
			buildConfigurations = (
				A9A1AD672699FAE800169D76 /* Debug */,
				A9A1AD682699FAE800169D76 /* Release */,
			);
			defaultConfigurationIsVisible = 0;
			defaultConfigurationName = Release;
		};
		A9A1AD692699FAE800169D76 /* Build configuration list for PBXNativeTarget "Picme" */ = {
			isa = XCConfigurationList;
			buildConfigurations = (
				A9A1AD6A2699FAE800169D76 /* Debug */,
				A9A1AD6B2699FAE800169D76 /* Release */,
			);
			defaultConfigurationIsVisible = 0;
			defaultConfigurationName = Release;
		};
		A9A1AD6C2699FAE800169D76 /* Build configuration list for PBXNativeTarget "PicmeTests" */ = {
			isa = XCConfigurationList;
			buildConfigurations = (
				A9A1AD6D2699FAE800169D76 /* Debug */,
				A9A1AD6E2699FAE800169D76 /* Release */,
			);
			defaultConfigurationIsVisible = 0;
			defaultConfigurationName = Release;
		};
		A9A1AD6F2699FAE800169D76 /* Build configuration list for PBXNativeTarget "PicmeUITests" */ = {
			isa = XCConfigurationList;
			buildConfigurations = (
				A9A1AD702699FAE800169D76 /* Debug */,
				A9A1AD712699FAE800169D76 /* Release */,
			);
			defaultConfigurationIsVisible = 0;
			defaultConfigurationName = Release;
		};
/* End XCConfigurationList section */
	};
	rootObject = A9A1AD372699FAE600169D76 /* Project object */;
}
