// !$*UTF8*$!
{
	archiveVersion = 1;
	classes = {
	};
	objectVersion = 51;
	objects = {

/* Begin PBXBuildFile section */
		21047E04B3F8C80775D5B6A6 /* Pods_dnd_5th_1_iOS.framework in Frameworks */ = {isa = PBXBuildFile; fileRef = F0360725E62068FC7932F268 /* Pods_dnd_5th_1_iOS.framework */; };
		A9A1AD432699FAE600169D76 /* AppDelegate.swift in Sources */ = {isa = PBXBuildFile; fileRef = A9A1AD422699FAE600169D76 /* AppDelegate.swift */; };
		A9A1AD452699FAE600169D76 /* SceneDelegate.swift in Sources */ = {isa = PBXBuildFile; fileRef = A9A1AD442699FAE600169D76 /* SceneDelegate.swift */; };
		A9A1AD472699FAE600169D76 /* ViewController.swift in Sources */ = {isa = PBXBuildFile; fileRef = A9A1AD462699FAE600169D76 /* ViewController.swift */; };
		A9A1AD4A2699FAE600169D76 /* Main.storyboard in Resources */ = {isa = PBXBuildFile; fileRef = A9A1AD482699FAE600169D76 /* Main.storyboard */; };
		A9A1AD4C2699FAE800169D76 /* Assets.xcassets in Resources */ = {isa = PBXBuildFile; fileRef = A9A1AD4B2699FAE800169D76 /* Assets.xcassets */; };
		A9A1AD4F2699FAE800169D76 /* LaunchScreen.storyboard in Resources */ = {isa = PBXBuildFile; fileRef = A9A1AD4D2699FAE800169D76 /* LaunchScreen.storyboard */; };
		A9A1AD5A2699FAE800169D76 /* dnd_5th_1_iOSTests.swift in Sources */ = {isa = PBXBuildFile; fileRef = A9A1AD592699FAE800169D76 /* dnd_5th_1_iOSTests.swift */; };
		A9A1AD652699FAE800169D76 /* dnd_5th_1_iOSUITests.swift in Sources */ = {isa = PBXBuildFile; fileRef = A9A1AD642699FAE800169D76 /* dnd_5th_1_iOSUITests.swift */; };
		A9C12B7E269AB7B900729A74 /* BaseViewContoller.swift in Sources */ = {isa = PBXBuildFile; fileRef = A9C12B7D269AB7B900729A74 /* BaseViewContoller.swift */; };
		A9C12B80269AB86A00729A74 /* Extension+UIColor.swift in Sources */ = {isa = PBXBuildFile; fileRef = A9C12B7F269AB86A00729A74 /* Extension+UIColor.swift */; };
		A9C12B82269AB94B00729A74 /* Extension+UIFont.swift in Sources */ = {isa = PBXBuildFile; fileRef = A9C12B81269AB94B00729A74 /* Extension+UIFont.swift */; };
		A9C12B87269C137600729A74 /* Dynamic.swift in Sources */ = {isa = PBXBuildFile; fileRef = A9C12B86269C137600729A74 /* Dynamic.swift */; };
		A9C12B89269C14FF00729A74 /* Protocol+ResuableCell.swift in Sources */ = {isa = PBXBuildFile; fileRef = A9C12B88269C14FF00729A74 /* Protocol+ResuableCell.swift */; };
		A9C12B8B269C158900729A74 /* Extension+UITableView.swift in Sources */ = {isa = PBXBuildFile; fileRef = A9C12B8A269C158900729A74 /* Extension+UITableView.swift */; };
		A9C12B8D269C170C00729A74 /* Extension+CollectionView.swift in Sources */ = {isa = PBXBuildFile; fileRef = A9C12B8C269C170C00729A74 /* Extension+CollectionView.swift */; };
		A9C12B92269C1A7A00729A74 /* Login.storyboard in Resources */ = {isa = PBXBuildFile; fileRef = A9C12B91269C1A7A00729A74 /* Login.storyboard */; };
		A9C12B94269C1A8B00729A74 /* LoginViewController.swift in Sources */ = {isa = PBXBuildFile; fileRef = A9C12B93269C1A8B00729A74 /* LoginViewController.swift */; };
		A9C12B96269C315E00729A74 /* .swiftlint.yml in Resources */ = {isa = PBXBuildFile; fileRef = A9C12B95269C315E00729A74 /* .swiftlint.yml */; };
		CFA57BDB90958A54C259B1B1 /* Pods_dnd_5th_1_iOS_dnd_5th_1_iOSUITests.framework in Frameworks */ = {isa = PBXBuildFile; fileRef = 6E146255FB214A8BFC2A3783 /* Pods_dnd_5th_1_iOS_dnd_5th_1_iOSUITests.framework */; };
		D473D242685AB9B1BC7282B8 /* Pods_dnd_5th_1_iOSTests.framework in Frameworks */ = {isa = PBXBuildFile; fileRef = 03A27B19F00B99F102892238 /* Pods_dnd_5th_1_iOSTests.framework */; };
/* End PBXBuildFile section */

/* Begin PBXContainerItemProxy section */
		A9A1AD562699FAE800169D76 /* PBXContainerItemProxy */ = {
			isa = PBXContainerItemProxy;
			containerPortal = A9A1AD372699FAE600169D76 /* Project object */;
			proxyType = 1;
			remoteGlobalIDString = A9A1AD3E2699FAE600169D76;
			remoteInfo = "dnd-5th-1-iOS";
		};
		A9A1AD612699FAE800169D76 /* PBXContainerItemProxy */ = {
			isa = PBXContainerItemProxy;
			containerPortal = A9A1AD372699FAE600169D76 /* Project object */;
			proxyType = 1;
			remoteGlobalIDString = A9A1AD3E2699FAE600169D76;
			remoteInfo = "dnd-5th-1-iOS";
		};
/* End PBXContainerItemProxy section */

/* Begin PBXFileReference section */
		03A27B19F00B99F102892238 /* Pods_dnd_5th_1_iOSTests.framework */ = {isa = PBXFileReference; explicitFileType = wrapper.framework; includeInIndex = 0; path = Pods_dnd_5th_1_iOSTests.framework; sourceTree = BUILT_PRODUCTS_DIR; };
		4DECABDA83224BB1052490E0 /* Pods-dnd-5th-1-iOSTests.debug.xcconfig */ = {isa = PBXFileReference; includeInIndex = 1; lastKnownFileType = text.xcconfig; name = "Pods-dnd-5th-1-iOSTests.debug.xcconfig"; path = "Target Support Files/Pods-dnd-5th-1-iOSTests/Pods-dnd-5th-1-iOSTests.debug.xcconfig"; sourceTree = "<group>"; };
		6E146255FB214A8BFC2A3783 /* Pods_dnd_5th_1_iOS_dnd_5th_1_iOSUITests.framework */ = {isa = PBXFileReference; explicitFileType = wrapper.framework; includeInIndex = 0; path = Pods_dnd_5th_1_iOS_dnd_5th_1_iOSUITests.framework; sourceTree = BUILT_PRODUCTS_DIR; };
		A9A1AD3F2699FAE600169D76 /* dnd-5th-1-iOS.app */ = {isa = PBXFileReference; explicitFileType = wrapper.application; includeInIndex = 0; path = "dnd-5th-1-iOS.app"; sourceTree = BUILT_PRODUCTS_DIR; };
		A9A1AD422699FAE600169D76 /* AppDelegate.swift */ = {isa = PBXFileReference; lastKnownFileType = sourcecode.swift; path = AppDelegate.swift; sourceTree = "<group>"; };
		A9A1AD442699FAE600169D76 /* SceneDelegate.swift */ = {isa = PBXFileReference; lastKnownFileType = sourcecode.swift; path = SceneDelegate.swift; sourceTree = "<group>"; };
		A9A1AD462699FAE600169D76 /* ViewController.swift */ = {isa = PBXFileReference; lastKnownFileType = sourcecode.swift; path = ViewController.swift; sourceTree = "<group>"; };
		A9A1AD492699FAE600169D76 /* Base */ = {isa = PBXFileReference; lastKnownFileType = file.storyboard; name = Base; path = Base.lproj/Main.storyboard; sourceTree = "<group>"; };
		A9A1AD4B2699FAE800169D76 /* Assets.xcassets */ = {isa = PBXFileReference; lastKnownFileType = folder.assetcatalog; path = Assets.xcassets; sourceTree = "<group>"; };
		A9A1AD4E2699FAE800169D76 /* Base */ = {isa = PBXFileReference; lastKnownFileType = file.storyboard; name = Base; path = Base.lproj/LaunchScreen.storyboard; sourceTree = "<group>"; };
		A9A1AD502699FAE800169D76 /* Info.plist */ = {isa = PBXFileReference; lastKnownFileType = text.plist.xml; name = Info.plist; path = "dnd-5th-1-iOS/Configure/Info.plist"; sourceTree = SOURCE_ROOT; };
		A9A1AD552699FAE800169D76 /* dnd-5th-1-iOSTests.xctest */ = {isa = PBXFileReference; explicitFileType = wrapper.cfbundle; includeInIndex = 0; path = "dnd-5th-1-iOSTests.xctest"; sourceTree = BUILT_PRODUCTS_DIR; };
		A9A1AD592699FAE800169D76 /* dnd_5th_1_iOSTests.swift */ = {isa = PBXFileReference; lastKnownFileType = sourcecode.swift; path = dnd_5th_1_iOSTests.swift; sourceTree = "<group>"; };
		A9A1AD5B2699FAE800169D76 /* Info.plist */ = {isa = PBXFileReference; lastKnownFileType = text.plist.xml; path = Info.plist; sourceTree = "<group>"; };
		A9A1AD602699FAE800169D76 /* dnd-5th-1-iOSUITests.xctest */ = {isa = PBXFileReference; explicitFileType = wrapper.cfbundle; includeInIndex = 0; path = "dnd-5th-1-iOSUITests.xctest"; sourceTree = BUILT_PRODUCTS_DIR; };
		A9A1AD642699FAE800169D76 /* dnd_5th_1_iOSUITests.swift */ = {isa = PBXFileReference; lastKnownFileType = sourcecode.swift; path = dnd_5th_1_iOSUITests.swift; sourceTree = "<group>"; };
		A9A1AD662699FAE800169D76 /* Info.plist */ = {isa = PBXFileReference; lastKnownFileType = text.plist.xml; path = Info.plist; sourceTree = "<group>"; };
		A9C12B7D269AB7B900729A74 /* BaseViewContoller.swift */ = {isa = PBXFileReference; lastKnownFileType = sourcecode.swift; path = BaseViewContoller.swift; sourceTree = "<group>"; };
		A9C12B7F269AB86A00729A74 /* Extension+UIColor.swift */ = {isa = PBXFileReference; lastKnownFileType = sourcecode.swift; path = "Extension+UIColor.swift"; sourceTree = "<group>"; };
		A9C12B81269AB94B00729A74 /* Extension+UIFont.swift */ = {isa = PBXFileReference; lastKnownFileType = sourcecode.swift; path = "Extension+UIFont.swift"; sourceTree = "<group>"; };
		A9C12B86269C137600729A74 /* Dynamic.swift */ = {isa = PBXFileReference; lastKnownFileType = sourcecode.swift; path = Dynamic.swift; sourceTree = "<group>"; };
		A9C12B88269C14FF00729A74 /* Protocol+ResuableCell.swift */ = {isa = PBXFileReference; lastKnownFileType = sourcecode.swift; path = "Protocol+ResuableCell.swift"; sourceTree = "<group>"; };
		A9C12B8A269C158900729A74 /* Extension+UITableView.swift */ = {isa = PBXFileReference; lastKnownFileType = sourcecode.swift; path = "Extension+UITableView.swift"; sourceTree = "<group>"; };
		A9C12B8C269C170C00729A74 /* Extension+CollectionView.swift */ = {isa = PBXFileReference; lastKnownFileType = sourcecode.swift; path = "Extension+CollectionView.swift"; sourceTree = "<group>"; };
		A9C12B8E269C1A1700729A74 /* dnd-5th-1-iOS.entitlements */ = {isa = PBXFileReference; lastKnownFileType = text.plist.entitlements; path = "dnd-5th-1-iOS.entitlements"; sourceTree = "<group>"; };
		A9C12B91269C1A7A00729A74 /* Login.storyboard */ = {isa = PBXFileReference; lastKnownFileType = file.storyboard; path = Login.storyboard; sourceTree = "<group>"; };
		A9C12B93269C1A8B00729A74 /* LoginViewController.swift */ = {isa = PBXFileReference; lastKnownFileType = sourcecode.swift; path = LoginViewController.swift; sourceTree = "<group>"; };
		A9C12B95269C315E00729A74 /* .swiftlint.yml */ = {isa = PBXFileReference; lastKnownFileType = text.yaml; path = .swiftlint.yml; sourceTree = "<group>"; };
		BFB6BE28506C4B940193697F /* Pods-dnd-5th-1-iOS.release.xcconfig */ = {isa = PBXFileReference; includeInIndex = 1; lastKnownFileType = text.xcconfig; name = "Pods-dnd-5th-1-iOS.release.xcconfig"; path = "Target Support Files/Pods-dnd-5th-1-iOS/Pods-dnd-5th-1-iOS.release.xcconfig"; sourceTree = "<group>"; };
		D04B0DB0A86D6EB81AD48E64 /* Pods-dnd-5th-1-iOS.debug.xcconfig */ = {isa = PBXFileReference; includeInIndex = 1; lastKnownFileType = text.xcconfig; name = "Pods-dnd-5th-1-iOS.debug.xcconfig"; path = "Target Support Files/Pods-dnd-5th-1-iOS/Pods-dnd-5th-1-iOS.debug.xcconfig"; sourceTree = "<group>"; };
		DF0290F64A3C096A484947A4 /* Pods-dnd-5th-1-iOS-dnd-5th-1-iOSUITests.debug.xcconfig */ = {isa = PBXFileReference; includeInIndex = 1; lastKnownFileType = text.xcconfig; name = "Pods-dnd-5th-1-iOS-dnd-5th-1-iOSUITests.debug.xcconfig"; path = "Target Support Files/Pods-dnd-5th-1-iOS-dnd-5th-1-iOSUITests/Pods-dnd-5th-1-iOS-dnd-5th-1-iOSUITests.debug.xcconfig"; sourceTree = "<group>"; };
		E47C3871C116C712787F22C0 /* Pods-dnd-5th-1-iOSTests.release.xcconfig */ = {isa = PBXFileReference; includeInIndex = 1; lastKnownFileType = text.xcconfig; name = "Pods-dnd-5th-1-iOSTests.release.xcconfig"; path = "Target Support Files/Pods-dnd-5th-1-iOSTests/Pods-dnd-5th-1-iOSTests.release.xcconfig"; sourceTree = "<group>"; };
		F0360725E62068FC7932F268 /* Pods_dnd_5th_1_iOS.framework */ = {isa = PBXFileReference; explicitFileType = wrapper.framework; includeInIndex = 0; path = Pods_dnd_5th_1_iOS.framework; sourceTree = BUILT_PRODUCTS_DIR; };
		F5271BB626301CEF48D1E0A0 /* Pods-dnd-5th-1-iOS-dnd-5th-1-iOSUITests.release.xcconfig */ = {isa = PBXFileReference; includeInIndex = 1; lastKnownFileType = text.xcconfig; name = "Pods-dnd-5th-1-iOS-dnd-5th-1-iOSUITests.release.xcconfig"; path = "Target Support Files/Pods-dnd-5th-1-iOS-dnd-5th-1-iOSUITests/Pods-dnd-5th-1-iOS-dnd-5th-1-iOSUITests.release.xcconfig"; sourceTree = "<group>"; };
/* End PBXFileReference section */

/* Begin PBXFrameworksBuildPhase section */
		A9A1AD3C2699FAE600169D76 /* Frameworks */ = {
			isa = PBXFrameworksBuildPhase;
			buildActionMask = 2147483647;
			files = (
				21047E04B3F8C80775D5B6A6 /* Pods_dnd_5th_1_iOS.framework in Frameworks */,
			);
			runOnlyForDeploymentPostprocessing = 0;
		};
		A9A1AD522699FAE800169D76 /* Frameworks */ = {
			isa = PBXFrameworksBuildPhase;
			buildActionMask = 2147483647;
			files = (
				D473D242685AB9B1BC7282B8 /* Pods_dnd_5th_1_iOSTests.framework in Frameworks */,
			);
			runOnlyForDeploymentPostprocessing = 0;
		};
		A9A1AD5D2699FAE800169D76 /* Frameworks */ = {
			isa = PBXFrameworksBuildPhase;
			buildActionMask = 2147483647;
			files = (
				CFA57BDB90958A54C259B1B1 /* Pods_dnd_5th_1_iOS_dnd_5th_1_iOSUITests.framework in Frameworks */,
			);
			runOnlyForDeploymentPostprocessing = 0;
		};
/* End PBXFrameworksBuildPhase section */

/* Begin PBXGroup section */
		0FBDE26F8418632D1FAA3344 /* Frameworks */ = {
			isa = PBXGroup;
			children = (
				F0360725E62068FC7932F268 /* Pods_dnd_5th_1_iOS.framework */,
				6E146255FB214A8BFC2A3783 /* Pods_dnd_5th_1_iOS_dnd_5th_1_iOSUITests.framework */,
				03A27B19F00B99F102892238 /* Pods_dnd_5th_1_iOSTests.framework */,
			);
			name = Frameworks;
			sourceTree = "<group>";
		};
		A9A1AD362699FAE600169D76 = {
			isa = PBXGroup;
			children = (
				A9C12B95269C315E00729A74 /* .swiftlint.yml */,
				A9A1AD412699FAE600169D76 /* dnd-5th-1-iOS */,
				A9A1AD582699FAE800169D76 /* dnd-5th-1-iOSTests */,
				A9A1AD632699FAE800169D76 /* dnd-5th-1-iOSUITests */,
				A9A1AD402699FAE600169D76 /* Products */,
				B479A2B92118C2749B552FBB /* Pods */,
				0FBDE26F8418632D1FAA3344 /* Frameworks */,
			);
			sourceTree = "<group>";
		};
		A9A1AD402699FAE600169D76 /* Products */ = {
			isa = PBXGroup;
			children = (
				A9A1AD3F2699FAE600169D76 /* dnd-5th-1-iOS.app */,
				A9A1AD552699FAE800169D76 /* dnd-5th-1-iOSTests.xctest */,
				A9A1AD602699FAE800169D76 /* dnd-5th-1-iOSUITests.xctest */,
			);
			name = Products;
			sourceTree = "<group>";
		};
		A9A1AD412699FAE600169D76 /* dnd-5th-1-iOS */ = {
			isa = PBXGroup;
			children = (
				A9C12B8E269C1A1700729A74 /* dnd-5th-1-iOS.entitlements */,
				A9C12B78269AB6E800729A74 /* Service */,
				A9C12B77269AB6DE00729A74 /* ViewModel */,
				A9C12B7C269AB72000729A74 /* View */,
				A9C12B76269AB6D900729A74 /* Model */,
				A9C12B79269AB6EE00729A74 /* Utility */,
				A9C12B7A269AB6F600729A74 /* Base */,
				A9C12B7B269AB70F00729A74 /* Configure */,
			);
			path = "dnd-5th-1-iOS";
			sourceTree = "<group>";
		};
		A9A1AD582699FAE800169D76 /* dnd-5th-1-iOSTests */ = {
			isa = PBXGroup;
			children = (
				A9A1AD592699FAE800169D76 /* dnd_5th_1_iOSTests.swift */,
				A9A1AD5B2699FAE800169D76 /* Info.plist */,
			);
			path = "dnd-5th-1-iOSTests";
			sourceTree = "<group>";
		};
		A9A1AD632699FAE800169D76 /* dnd-5th-1-iOSUITests */ = {
			isa = PBXGroup;
			children = (
				A9A1AD642699FAE800169D76 /* dnd_5th_1_iOSUITests.swift */,
				A9A1AD662699FAE800169D76 /* Info.plist */,
			);
			path = "dnd-5th-1-iOSUITests";
			sourceTree = "<group>";
		};
		A9C12B74269AB6C500729A74 /* Storyboard */ = {
			isa = PBXGroup;
			children = (
				A9C12B8F269C1A4000729A74 /* Login */,
				A9A1AD482699FAE600169D76 /* Main.storyboard */,
			);
			path = Storyboard;
			sourceTree = "<group>";
		};
		A9C12B75269AB6CD00729A74 /* Controller */ = {
			isa = PBXGroup;
			children = (
				A9C12B90269C1A4C00729A74 /* Login */,
				A9A1AD462699FAE600169D76 /* ViewController.swift */,
			);
			path = Controller;
			sourceTree = "<group>";
		};
		A9C12B76269AB6D900729A74 /* Model */ = {
			isa = PBXGroup;
			children = (
			);
			path = Model;
			sourceTree = "<group>";
		};
		A9C12B77269AB6DE00729A74 /* ViewModel */ = {
			isa = PBXGroup;
			children = (
			);
			path = ViewModel;
			sourceTree = "<group>";
		};
		A9C12B78269AB6E800729A74 /* Service */ = {
			isa = PBXGroup;
			children = (
			);
			path = Service;
			sourceTree = "<group>";
		};
		A9C12B79269AB6EE00729A74 /* Utility */ = {
			isa = PBXGroup;
			children = (
				A9C12B85269ABE5B00729A74 /* Enum */,
				A9C12B84269ABE5500729A74 /* Protocol */,
				A9C12B83269ABD7D00729A74 /* Extension */,
			);
			path = Utility;
			sourceTree = "<group>";
		};
		A9C12B7A269AB6F600729A74 /* Base */ = {
			isa = PBXGroup;
			children = (
				A9C12B7D269AB7B900729A74 /* BaseViewContoller.swift */,
				A9C12B86269C137600729A74 /* Dynamic.swift */,
			);
			path = Base;
			sourceTree = "<group>";
		};
		A9C12B7B269AB70F00729A74 /* Configure */ = {
			isa = PBXGroup;
			children = (
				A9A1AD422699FAE600169D76 /* AppDelegate.swift */,
				A9A1AD442699FAE600169D76 /* SceneDelegate.swift */,
				A9A1AD4B2699FAE800169D76 /* Assets.xcassets */,
				A9A1AD4D2699FAE800169D76 /* LaunchScreen.storyboard */,
				A9A1AD502699FAE800169D76 /* Info.plist */,
			);
			path = Configure;
			sourceTree = "<group>";
		};
		A9C12B7C269AB72000729A74 /* View */ = {
			isa = PBXGroup;
			children = (
				A9C12B75269AB6CD00729A74 /* Controller */,
				A9C12B74269AB6C500729A74 /* Storyboard */,
			);
			path = View;
			sourceTree = "<group>";
		};
		A9C12B83269ABD7D00729A74 /* Extension */ = {
			isa = PBXGroup;
			children = (
				A9C12B7F269AB86A00729A74 /* Extension+UIColor.swift */,
				A9C12B81269AB94B00729A74 /* Extension+UIFont.swift */,
				A9C12B8A269C158900729A74 /* Extension+UITableView.swift */,
				A9C12B8C269C170C00729A74 /* Extension+CollectionView.swift */,
			);
			path = Extension;
			sourceTree = "<group>";
		};
		A9C12B84269ABE5500729A74 /* Protocol */ = {
			isa = PBXGroup;
			children = (
				A9C12B88269C14FF00729A74 /* Protocol+ResuableCell.swift */,
			);
			path = Protocol;
			sourceTree = "<group>";
		};
		A9C12B85269ABE5B00729A74 /* Enum */ = {
			isa = PBXGroup;
			children = (
			);
			path = Enum;
			sourceTree = "<group>";
		};
		A9C12B8F269C1A4000729A74 /* Login */ = {
			isa = PBXGroup;
			children = (
				A9C12B91269C1A7A00729A74 /* Login.storyboard */,
			);
			path = Login;
			sourceTree = "<group>";
		};
		A9C12B90269C1A4C00729A74 /* Login */ = {
			isa = PBXGroup;
			children = (
				A9C12B93269C1A8B00729A74 /* LoginViewController.swift */,
			);
			path = Login;
			sourceTree = "<group>";
		};
		B479A2B92118C2749B552FBB /* Pods */ = {
			isa = PBXGroup;
			children = (
				D04B0DB0A86D6EB81AD48E64 /* Pods-dnd-5th-1-iOS.debug.xcconfig */,
				BFB6BE28506C4B940193697F /* Pods-dnd-5th-1-iOS.release.xcconfig */,
				DF0290F64A3C096A484947A4 /* Pods-dnd-5th-1-iOS-dnd-5th-1-iOSUITests.debug.xcconfig */,
				F5271BB626301CEF48D1E0A0 /* Pods-dnd-5th-1-iOS-dnd-5th-1-iOSUITests.release.xcconfig */,
				4DECABDA83224BB1052490E0 /* Pods-dnd-5th-1-iOSTests.debug.xcconfig */,
				E47C3871C116C712787F22C0 /* Pods-dnd-5th-1-iOSTests.release.xcconfig */,
			);
			path = Pods;
			sourceTree = "<group>";
		};
/* End PBXGroup section */

/* Begin PBXNativeTarget section */
		A9A1AD3E2699FAE600169D76 /* dnd-5th-1-iOS */ = {
			isa = PBXNativeTarget;
			buildConfigurationList = A9A1AD692699FAE800169D76 /* Build configuration list for PBXNativeTarget "dnd-5th-1-iOS" */;
			buildPhases = (
				A551837342AB501D20DB7E90 /* [CP] Check Pods Manifest.lock */,
				A9A1AD3B2699FAE600169D76 /* Sources */,
				A9A1AD3C2699FAE600169D76 /* Frameworks */,
				A9A1AD3D2699FAE600169D76 /* Resources */,
				A9D8C86B760BE3DDA59E93D3 /* [CP] Embed Pods Frameworks */,
				DFB8E0D24F5AF7B9351E8E18 /* [CP] Copy Pods Resources */,
				A9C12B97269C31AC00729A74 /* ShellScript */,
			);
			buildRules = (
			);
			dependencies = (
			);
			name = "dnd-5th-1-iOS";
			productName = "dnd-5th-1-iOS";
			productReference = A9A1AD3F2699FAE600169D76 /* dnd-5th-1-iOS.app */;
			productType = "com.apple.product-type.application";
		};
		A9A1AD542699FAE800169D76 /* dnd-5th-1-iOSTests */ = {
			isa = PBXNativeTarget;
			buildConfigurationList = A9A1AD6C2699FAE800169D76 /* Build configuration list for PBXNativeTarget "dnd-5th-1-iOSTests" */;
			buildPhases = (
				9549B2B9095A97DC16E116B1 /* [CP] Check Pods Manifest.lock */,
				A9A1AD512699FAE800169D76 /* Sources */,
				A9A1AD522699FAE800169D76 /* Frameworks */,
				A9A1AD532699FAE800169D76 /* Resources */,
			);
			buildRules = (
			);
			dependencies = (
				A9A1AD572699FAE800169D76 /* PBXTargetDependency */,
			);
			name = "dnd-5th-1-iOSTests";
			productName = "dnd-5th-1-iOSTests";
			productReference = A9A1AD552699FAE800169D76 /* dnd-5th-1-iOSTests.xctest */;
			productType = "com.apple.product-type.bundle.unit-test";
		};
		A9A1AD5F2699FAE800169D76 /* dnd-5th-1-iOSUITests */ = {
			isa = PBXNativeTarget;
			buildConfigurationList = A9A1AD6F2699FAE800169D76 /* Build configuration list for PBXNativeTarget "dnd-5th-1-iOSUITests" */;
			buildPhases = (
				1FEE664F19AB16BB0B1A4B83 /* [CP] Check Pods Manifest.lock */,
				A9A1AD5C2699FAE800169D76 /* Sources */,
				A9A1AD5D2699FAE800169D76 /* Frameworks */,
				A9A1AD5E2699FAE800169D76 /* Resources */,
				45DE664E393681099BB5FACB /* [CP] Embed Pods Frameworks */,
				80FAA006BAF96B19590D7B57 /* [CP] Copy Pods Resources */,
			);
			buildRules = (
			);
			dependencies = (
				A9A1AD622699FAE800169D76 /* PBXTargetDependency */,
			);
			name = "dnd-5th-1-iOSUITests";
			productName = "dnd-5th-1-iOSUITests";
			productReference = A9A1AD602699FAE800169D76 /* dnd-5th-1-iOSUITests.xctest */;
			productType = "com.apple.product-type.bundle.ui-testing";
		};
/* End PBXNativeTarget section */

/* Begin PBXProject section */
		A9A1AD372699FAE600169D76 /* Project object */ = {
			isa = PBXProject;
			attributes = {
				LastSwiftUpdateCheck = 1250;
				LastUpgradeCheck = 1250;
				TargetAttributes = {
					A9A1AD3E2699FAE600169D76 = {
						CreatedOnToolsVersion = 12.5;
					};
					A9A1AD542699FAE800169D76 = {
						CreatedOnToolsVersion = 12.5;
						TestTargetID = A9A1AD3E2699FAE600169D76;
					};
					A9A1AD5F2699FAE800169D76 = {
						CreatedOnToolsVersion = 12.5;
						TestTargetID = A9A1AD3E2699FAE600169D76;
					};
				};
			};
			buildConfigurationList = A9A1AD3A2699FAE600169D76 /* Build configuration list for PBXProject "dnd-5th-1-iOS" */;
			compatibilityVersion = "Xcode 9.3";
			developmentRegion = en;
			hasScannedForEncodings = 0;
			knownRegions = (
				en,
				Base,
			);
			mainGroup = A9A1AD362699FAE600169D76;
			productRefGroup = A9A1AD402699FAE600169D76 /* Products */;
			projectDirPath = "";
			projectRoot = "";
			targets = (
				A9A1AD3E2699FAE600169D76 /* dnd-5th-1-iOS */,
				A9A1AD542699FAE800169D76 /* dnd-5th-1-iOSTests */,
				A9A1AD5F2699FAE800169D76 /* dnd-5th-1-iOSUITests */,
			);
		};
/* End PBXProject section */

/* Begin PBXResourcesBuildPhase section */
		A9A1AD3D2699FAE600169D76 /* Resources */ = {
			isa = PBXResourcesBuildPhase;
			buildActionMask = 2147483647;
			files = (
				A9C12B96269C315E00729A74 /* .swiftlint.yml in Resources */,
				A9C12B92269C1A7A00729A74 /* Login.storyboard in Resources */,
				A9A1AD4F2699FAE800169D76 /* LaunchScreen.storyboard in Resources */,
				A9A1AD4C2699FAE800169D76 /* Assets.xcassets in Resources */,
				A9A1AD4A2699FAE600169D76 /* Main.storyboard in Resources */,
			);
			runOnlyForDeploymentPostprocessing = 0;
		};
		A9A1AD532699FAE800169D76 /* Resources */ = {
			isa = PBXResourcesBuildPhase;
			buildActionMask = 2147483647;
			files = (
			);
			runOnlyForDeploymentPostprocessing = 0;
		};
		A9A1AD5E2699FAE800169D76 /* Resources */ = {
			isa = PBXResourcesBuildPhase;
			buildActionMask = 2147483647;
			files = (
			);
			runOnlyForDeploymentPostprocessing = 0;
		};
/* End PBXResourcesBuildPhase section */

/* Begin PBXShellScriptBuildPhase section */
		1FEE664F19AB16BB0B1A4B83 /* [CP] Check Pods Manifest.lock */ = {
			isa = PBXShellScriptBuildPhase;
			buildActionMask = 2147483647;
			files = (
			);
			inputFileListPaths = (
			);
			inputPaths = (
				"${PODS_PODFILE_DIR_PATH}/Podfile.lock",
				"${PODS_ROOT}/Manifest.lock",
			);
			name = "[CP] Check Pods Manifest.lock";
			outputFileListPaths = (
			);
			outputPaths = (
				"$(DERIVED_FILE_DIR)/Pods-dnd-5th-1-iOS-dnd-5th-1-iOSUITests-checkManifestLockResult.txt",
			);
			runOnlyForDeploymentPostprocessing = 0;
			shellPath = /bin/sh;
			shellScript = "diff \"${PODS_PODFILE_DIR_PATH}/Podfile.lock\" \"${PODS_ROOT}/Manifest.lock\" > /dev/null\nif [ $? != 0 ] ; then\n    # print error to STDERR\n    echo \"error: The sandbox is not in sync with the Podfile.lock. Run 'pod install' or update your CocoaPods installation.\" >&2\n    exit 1\nfi\n# This output is used by Xcode 'outputs' to avoid re-running this script phase.\necho \"SUCCESS\" > \"${SCRIPT_OUTPUT_FILE_0}\"\n";
			showEnvVarsInLog = 0;
		};
		45DE664E393681099BB5FACB /* [CP] Embed Pods Frameworks */ = {
			isa = PBXShellScriptBuildPhase;
			buildActionMask = 2147483647;
			files = (
			);
			inputFileListPaths = (
				"${PODS_ROOT}/Target Support Files/Pods-dnd-5th-1-iOS-dnd-5th-1-iOSUITests/Pods-dnd-5th-1-iOS-dnd-5th-1-iOSUITests-frameworks-${CONFIGURATION}-input-files.xcfilelist",
			);
			name = "[CP] Embed Pods Frameworks";
			outputFileListPaths = (
				"${PODS_ROOT}/Target Support Files/Pods-dnd-5th-1-iOS-dnd-5th-1-iOSUITests/Pods-dnd-5th-1-iOS-dnd-5th-1-iOSUITests-frameworks-${CONFIGURATION}-output-files.xcfilelist",
			);
			runOnlyForDeploymentPostprocessing = 0;
			shellPath = /bin/sh;
			shellScript = "\"${PODS_ROOT}/Target Support Files/Pods-dnd-5th-1-iOS-dnd-5th-1-iOSUITests/Pods-dnd-5th-1-iOS-dnd-5th-1-iOSUITests-frameworks.sh\"\n";
			showEnvVarsInLog = 0;
		};
		80FAA006BAF96B19590D7B57 /* [CP] Copy Pods Resources */ = {
			isa = PBXShellScriptBuildPhase;
			buildActionMask = 2147483647;
			files = (
			);
			inputFileListPaths = (
				"${PODS_ROOT}/Target Support Files/Pods-dnd-5th-1-iOS-dnd-5th-1-iOSUITests/Pods-dnd-5th-1-iOS-dnd-5th-1-iOSUITests-resources-${CONFIGURATION}-input-files.xcfilelist",
			);
			name = "[CP] Copy Pods Resources";
			outputFileListPaths = (
				"${PODS_ROOT}/Target Support Files/Pods-dnd-5th-1-iOS-dnd-5th-1-iOSUITests/Pods-dnd-5th-1-iOS-dnd-5th-1-iOSUITests-resources-${CONFIGURATION}-output-files.xcfilelist",
			);
			runOnlyForDeploymentPostprocessing = 0;
			shellPath = /bin/sh;
			shellScript = "\"${PODS_ROOT}/Target Support Files/Pods-dnd-5th-1-iOS-dnd-5th-1-iOSUITests/Pods-dnd-5th-1-iOS-dnd-5th-1-iOSUITests-resources.sh\"\n";
			showEnvVarsInLog = 0;
		};
		9549B2B9095A97DC16E116B1 /* [CP] Check Pods Manifest.lock */ = {
			isa = PBXShellScriptBuildPhase;
			buildActionMask = 2147483647;
			files = (
			);
			inputFileListPaths = (
			);
			inputPaths = (
				"${PODS_PODFILE_DIR_PATH}/Podfile.lock",
				"${PODS_ROOT}/Manifest.lock",
			);
			name = "[CP] Check Pods Manifest.lock";
			outputFileListPaths = (
			);
			outputPaths = (
				"$(DERIVED_FILE_DIR)/Pods-dnd-5th-1-iOSTests-checkManifestLockResult.txt",
			);
			runOnlyForDeploymentPostprocessing = 0;
			shellPath = /bin/sh;
			shellScript = "diff \"${PODS_PODFILE_DIR_PATH}/Podfile.lock\" \"${PODS_ROOT}/Manifest.lock\" > /dev/null\nif [ $? != 0 ] ; then\n    # print error to STDERR\n    echo \"error: The sandbox is not in sync with the Podfile.lock. Run 'pod install' or update your CocoaPods installation.\" >&2\n    exit 1\nfi\n# This output is used by Xcode 'outputs' to avoid re-running this script phase.\necho \"SUCCESS\" > \"${SCRIPT_OUTPUT_FILE_0}\"\n";
			showEnvVarsInLog = 0;
		};
		A551837342AB501D20DB7E90 /* [CP] Check Pods Manifest.lock */ = {
			isa = PBXShellScriptBuildPhase;
			buildActionMask = 2147483647;
			files = (
			);
			inputFileListPaths = (
			);
			inputPaths = (
				"${PODS_PODFILE_DIR_PATH}/Podfile.lock",
				"${PODS_ROOT}/Manifest.lock",
			);
			name = "[CP] Check Pods Manifest.lock";
			outputFileListPaths = (
			);
			outputPaths = (
				"$(DERIVED_FILE_DIR)/Pods-dnd-5th-1-iOS-checkManifestLockResult.txt",
			);
			runOnlyForDeploymentPostprocessing = 0;
			shellPath = /bin/sh;
			shellScript = "diff \"${PODS_PODFILE_DIR_PATH}/Podfile.lock\" \"${PODS_ROOT}/Manifest.lock\" > /dev/null\nif [ $? != 0 ] ; then\n    # print error to STDERR\n    echo \"error: The sandbox is not in sync with the Podfile.lock. Run 'pod install' or update your CocoaPods installation.\" >&2\n    exit 1\nfi\n# This output is used by Xcode 'outputs' to avoid re-running this script phase.\necho \"SUCCESS\" > \"${SCRIPT_OUTPUT_FILE_0}\"\n";
			showEnvVarsInLog = 0;
		};
		A9C12B97269C31AC00729A74 /* ShellScript */ = {
			isa = PBXShellScriptBuildPhase;
			buildActionMask = 2147483647;
			files = (
			);
			inputFileListPaths = (
			);
			inputPaths = (
			);
			outputFileListPaths = (
			);
			outputPaths = (
			);
			runOnlyForDeploymentPostprocessing = 0;
			shellPath = /bin/sh;
			shellScript = "${PODS_ROOT}/SwiftLint/swiftlint\n";
		};
		A9D8C86B760BE3DDA59E93D3 /* [CP] Embed Pods Frameworks */ = {
			isa = PBXShellScriptBuildPhase;
			buildActionMask = 2147483647;
			files = (
			);
			inputFileListPaths = (
				"${PODS_ROOT}/Target Support Files/Pods-dnd-5th-1-iOS/Pods-dnd-5th-1-iOS-frameworks-${CONFIGURATION}-input-files.xcfilelist",
			);
			name = "[CP] Embed Pods Frameworks";
			outputFileListPaths = (
				"${PODS_ROOT}/Target Support Files/Pods-dnd-5th-1-iOS/Pods-dnd-5th-1-iOS-frameworks-${CONFIGURATION}-output-files.xcfilelist",
			);
			runOnlyForDeploymentPostprocessing = 0;
			shellPath = /bin/sh;
			shellScript = "\"${PODS_ROOT}/Target Support Files/Pods-dnd-5th-1-iOS/Pods-dnd-5th-1-iOS-frameworks.sh\"\n";
			showEnvVarsInLog = 0;
		};
		DFB8E0D24F5AF7B9351E8E18 /* [CP] Copy Pods Resources */ = {
			isa = PBXShellScriptBuildPhase;
			buildActionMask = 2147483647;
			files = (
			);
			inputFileListPaths = (
				"${PODS_ROOT}/Target Support Files/Pods-dnd-5th-1-iOS/Pods-dnd-5th-1-iOS-resources-${CONFIGURATION}-input-files.xcfilelist",
			);
			name = "[CP] Copy Pods Resources";
			outputFileListPaths = (
				"${PODS_ROOT}/Target Support Files/Pods-dnd-5th-1-iOS/Pods-dnd-5th-1-iOS-resources-${CONFIGURATION}-output-files.xcfilelist",
			);
			runOnlyForDeploymentPostprocessing = 0;
			shellPath = /bin/sh;
			shellScript = "\"${PODS_ROOT}/Target Support Files/Pods-dnd-5th-1-iOS/Pods-dnd-5th-1-iOS-resources.sh\"\n";
			showEnvVarsInLog = 0;
		};
/* End PBXShellScriptBuildPhase section */

/* Begin PBXSourcesBuildPhase section */
		A9A1AD3B2699FAE600169D76 /* Sources */ = {
			isa = PBXSourcesBuildPhase;
			buildActionMask = 2147483647;
			files = (
				A9A1AD472699FAE600169D76 /* ViewController.swift in Sources */,
				A9C12B80269AB86A00729A74 /* Extension+UIColor.swift in Sources */,
				A9A1AD432699FAE600169D76 /* AppDelegate.swift in Sources */,
				A9C12B87269C137600729A74 /* Dynamic.swift in Sources */,
				A9C12B8D269C170C00729A74 /* Extension+CollectionView.swift in Sources */,
				A9C12B7E269AB7B900729A74 /* BaseViewContoller.swift in Sources */,
				A9C12B82269AB94B00729A74 /* Extension+UIFont.swift in Sources */,
				A9C12B89269C14FF00729A74 /* Protocol+ResuableCell.swift in Sources */,
				A9C12B8B269C158900729A74 /* Extension+UITableView.swift in Sources */,
				A9A1AD452699FAE600169D76 /* SceneDelegate.swift in Sources */,
				A9C12B94269C1A8B00729A74 /* LoginViewController.swift in Sources */,
			);
			runOnlyForDeploymentPostprocessing = 0;
		};
		A9A1AD512699FAE800169D76 /* Sources */ = {
			isa = PBXSourcesBuildPhase;
			buildActionMask = 2147483647;
			files = (
				A9A1AD5A2699FAE800169D76 /* dnd_5th_1_iOSTests.swift in Sources */,
			);
			runOnlyForDeploymentPostprocessing = 0;
		};
		A9A1AD5C2699FAE800169D76 /* Sources */ = {
			isa = PBXSourcesBuildPhase;
			buildActionMask = 2147483647;
			files = (
				A9A1AD652699FAE800169D76 /* dnd_5th_1_iOSUITests.swift in Sources */,
			);
			runOnlyForDeploymentPostprocessing = 0;
		};
/* End PBXSourcesBuildPhase section */

/* Begin PBXTargetDependency section */
		A9A1AD572699FAE800169D76 /* PBXTargetDependency */ = {
			isa = PBXTargetDependency;
			target = A9A1AD3E2699FAE600169D76 /* dnd-5th-1-iOS */;
			targetProxy = A9A1AD562699FAE800169D76 /* PBXContainerItemProxy */;
		};
		A9A1AD622699FAE800169D76 /* PBXTargetDependency */ = {
			isa = PBXTargetDependency;
			target = A9A1AD3E2699FAE600169D76 /* dnd-5th-1-iOS */;
			targetProxy = A9A1AD612699FAE800169D76 /* PBXContainerItemProxy */;
		};
/* End PBXTargetDependency section */

/* Begin PBXVariantGroup section */
		A9A1AD482699FAE600169D76 /* Main.storyboard */ = {
			isa = PBXVariantGroup;
			children = (
				A9A1AD492699FAE600169D76 /* Base */,
			);
			name = Main.storyboard;
			sourceTree = "<group>";
		};
		A9A1AD4D2699FAE800169D76 /* LaunchScreen.storyboard */ = {
			isa = PBXVariantGroup;
			children = (
				A9A1AD4E2699FAE800169D76 /* Base */,
			);
			name = LaunchScreen.storyboard;
			sourceTree = "<group>";
		};
/* End PBXVariantGroup section */

/* Begin XCBuildConfiguration section */
		A9A1AD672699FAE800169D76 /* Debug */ = {
			isa = XCBuildConfiguration;
			buildSettings = {
				ALWAYS_SEARCH_USER_PATHS = NO;
				CLANG_ANALYZER_NONNULL = YES;
				CLANG_ANALYZER_NUMBER_OBJECT_CONVERSION = YES_AGGRESSIVE;
				CLANG_CXX_LANGUAGE_STANDARD = "gnu++14";
				CLANG_CXX_LIBRARY = "libc++";
				CLANG_ENABLE_MODULES = YES;
				CLANG_ENABLE_OBJC_ARC = YES;
				CLANG_ENABLE_OBJC_WEAK = YES;
				CLANG_WARN_BLOCK_CAPTURE_AUTORELEASING = YES;
				CLANG_WARN_BOOL_CONVERSION = YES;
				CLANG_WARN_COMMA = YES;
				CLANG_WARN_CONSTANT_CONVERSION = YES;
				CLANG_WARN_DEPRECATED_OBJC_IMPLEMENTATIONS = YES;
				CLANG_WARN_DIRECT_OBJC_ISA_USAGE = YES_ERROR;
				CLANG_WARN_DOCUMENTATION_COMMENTS = YES;
				CLANG_WARN_EMPTY_BODY = YES;
				CLANG_WARN_ENUM_CONVERSION = YES;
				CLANG_WARN_INFINITE_RECURSION = YES;
				CLANG_WARN_INT_CONVERSION = YES;
				CLANG_WARN_NON_LITERAL_NULL_CONVERSION = YES;
				CLANG_WARN_OBJC_IMPLICIT_RETAIN_SELF = YES;
				CLANG_WARN_OBJC_LITERAL_CONVERSION = YES;
				CLANG_WARN_OBJC_ROOT_CLASS = YES_ERROR;
				CLANG_WARN_QUOTED_INCLUDE_IN_FRAMEWORK_HEADER = YES;
				CLANG_WARN_RANGE_LOOP_ANALYSIS = YES;
				CLANG_WARN_STRICT_PROTOTYPES = YES;
				CLANG_WARN_SUSPICIOUS_MOVE = YES;
				CLANG_WARN_UNGUARDED_AVAILABILITY = YES_AGGRESSIVE;
				CLANG_WARN_UNREACHABLE_CODE = YES;
				CLANG_WARN__DUPLICATE_METHOD_MATCH = YES;
				COPY_PHASE_STRIP = NO;
				DEBUG_INFORMATION_FORMAT = dwarf;
				ENABLE_STRICT_OBJC_MSGSEND = YES;
				ENABLE_TESTABILITY = YES;
				GCC_C_LANGUAGE_STANDARD = gnu11;
				GCC_DYNAMIC_NO_PIC = NO;
				GCC_NO_COMMON_BLOCKS = YES;
				GCC_OPTIMIZATION_LEVEL = 0;
				GCC_PREPROCESSOR_DEFINITIONS = (
					"DEBUG=1",
					"$(inherited)",
				);
				GCC_WARN_64_TO_32_BIT_CONVERSION = YES;
				GCC_WARN_ABOUT_RETURN_TYPE = YES_ERROR;
				GCC_WARN_UNDECLARED_SELECTOR = YES;
				GCC_WARN_UNINITIALIZED_AUTOS = YES_AGGRESSIVE;
				GCC_WARN_UNUSED_FUNCTION = YES;
				GCC_WARN_UNUSED_VARIABLE = YES;
				IPHONEOS_DEPLOYMENT_TARGET = 13.0;
				MTL_ENABLE_DEBUG_INFO = INCLUDE_SOURCE;
				MTL_FAST_MATH = YES;
				ONLY_ACTIVE_ARCH = YES;
				SDKROOT = iphoneos;
				SWIFT_ACTIVE_COMPILATION_CONDITIONS = DEBUG;
				SWIFT_OPTIMIZATION_LEVEL = "-Onone";
			};
			name = Debug;
		};
		A9A1AD682699FAE800169D76 /* Release */ = {
			isa = XCBuildConfiguration;
			buildSettings = {
				ALWAYS_SEARCH_USER_PATHS = NO;
				CLANG_ANALYZER_NONNULL = YES;
				CLANG_ANALYZER_NUMBER_OBJECT_CONVERSION = YES_AGGRESSIVE;
				CLANG_CXX_LANGUAGE_STANDARD = "gnu++14";
				CLANG_CXX_LIBRARY = "libc++";
				CLANG_ENABLE_MODULES = YES;
				CLANG_ENABLE_OBJC_ARC = YES;
				CLANG_ENABLE_OBJC_WEAK = YES;
				CLANG_WARN_BLOCK_CAPTURE_AUTORELEASING = YES;
				CLANG_WARN_BOOL_CONVERSION = YES;
				CLANG_WARN_COMMA = YES;
				CLANG_WARN_CONSTANT_CONVERSION = YES;
				CLANG_WARN_DEPRECATED_OBJC_IMPLEMENTATIONS = YES;
				CLANG_WARN_DIRECT_OBJC_ISA_USAGE = YES_ERROR;
				CLANG_WARN_DOCUMENTATION_COMMENTS = YES;
				CLANG_WARN_EMPTY_BODY = YES;
				CLANG_WARN_ENUM_CONVERSION = YES;
				CLANG_WARN_INFINITE_RECURSION = YES;
				CLANG_WARN_INT_CONVERSION = YES;
				CLANG_WARN_NON_LITERAL_NULL_CONVERSION = YES;
				CLANG_WARN_OBJC_IMPLICIT_RETAIN_SELF = YES;
				CLANG_WARN_OBJC_LITERAL_CONVERSION = YES;
				CLANG_WARN_OBJC_ROOT_CLASS = YES_ERROR;
				CLANG_WARN_QUOTED_INCLUDE_IN_FRAMEWORK_HEADER = YES;
				CLANG_WARN_RANGE_LOOP_ANALYSIS = YES;
				CLANG_WARN_STRICT_PROTOTYPES = YES;
				CLANG_WARN_SUSPICIOUS_MOVE = YES;
				CLANG_WARN_UNGUARDED_AVAILABILITY = YES_AGGRESSIVE;
				CLANG_WARN_UNREACHABLE_CODE = YES;
				CLANG_WARN__DUPLICATE_METHOD_MATCH = YES;
				COPY_PHASE_STRIP = NO;
				DEBUG_INFORMATION_FORMAT = "dwarf-with-dsym";
				ENABLE_NS_ASSERTIONS = NO;
				ENABLE_STRICT_OBJC_MSGSEND = YES;
				GCC_C_LANGUAGE_STANDARD = gnu11;
				GCC_NO_COMMON_BLOCKS = YES;
				GCC_WARN_64_TO_32_BIT_CONVERSION = YES;
				GCC_WARN_ABOUT_RETURN_TYPE = YES_ERROR;
				GCC_WARN_UNDECLARED_SELECTOR = YES;
				GCC_WARN_UNINITIALIZED_AUTOS = YES_AGGRESSIVE;
				GCC_WARN_UNUSED_FUNCTION = YES;
				GCC_WARN_UNUSED_VARIABLE = YES;
				IPHONEOS_DEPLOYMENT_TARGET = 13.0;
				MTL_ENABLE_DEBUG_INFO = NO;
				MTL_FAST_MATH = YES;
				SDKROOT = iphoneos;
				SWIFT_COMPILATION_MODE = wholemodule;
				SWIFT_OPTIMIZATION_LEVEL = "-O";
				VALIDATE_PRODUCT = YES;
			};
			name = Release;
		};
		A9A1AD6A2699FAE800169D76 /* Debug */ = {
			isa = XCBuildConfiguration;
			baseConfigurationReference = D04B0DB0A86D6EB81AD48E64 /* Pods-dnd-5th-1-iOS.debug.xcconfig */;
			buildSettings = {
				ASSETCATALOG_COMPILER_APPICON_NAME = AppIcon;
				ASSETCATALOG_COMPILER_GLOBAL_ACCENT_COLOR_NAME = AccentColor;
				CODE_SIGN_ENTITLEMENTS = "dnd-5th-1-iOS/dnd-5th-1-iOS.entitlements";
				CODE_SIGN_STYLE = Automatic;
				DEVELOPMENT_TEAM = S63RBKT6UQ;
				INFOPLIST_FILE = "dnd-5th-1-iOS/Configure/Info.plist";
				IPHONEOS_DEPLOYMENT_TARGET = 13.0;
				LD_RUNPATH_SEARCH_PATHS = (
					"$(inherited)",
					"@executable_path/Frameworks",
				);
				PRODUCT_BUNDLE_IDENTIFIER = "com.dnd-5th-1-iOS";
				PRODUCT_NAME = "$(TARGET_NAME)";
				SWIFT_VERSION = 5.0;
				TARGETED_DEVICE_FAMILY = 1;
			};
			name = Debug;
		};
		A9A1AD6B2699FAE800169D76 /* Release */ = {
			isa = XCBuildConfiguration;
			baseConfigurationReference = BFB6BE28506C4B940193697F /* Pods-dnd-5th-1-iOS.release.xcconfig */;
			buildSettings = {
				ASSETCATALOG_COMPILER_APPICON_NAME = AppIcon;
				ASSETCATALOG_COMPILER_GLOBAL_ACCENT_COLOR_NAME = AccentColor;
				CODE_SIGN_ENTITLEMENTS = "dnd-5th-1-iOS/dnd-5th-1-iOS.entitlements";
				CODE_SIGN_STYLE = Automatic;
				DEVELOPMENT_TEAM = S63RBKT6UQ;
				INFOPLIST_FILE = "dnd-5th-1-iOS/Configure/Info.plist";
				IPHONEOS_DEPLOYMENT_TARGET = 13.0;
				LD_RUNPATH_SEARCH_PATHS = (
					"$(inherited)",
					"@executable_path/Frameworks",
				);
				PRODUCT_BUNDLE_IDENTIFIER = "com.dnd-5th-1-iOS";
				PRODUCT_NAME = "$(TARGET_NAME)";
				SWIFT_VERSION = 5.0;
				TARGETED_DEVICE_FAMILY = 1;
			};
			name = Release;
		};
		A9A1AD6D2699FAE800169D76 /* Debug */ = {
			isa = XCBuildConfiguration;
			baseConfigurationReference = 4DECABDA83224BB1052490E0 /* Pods-dnd-5th-1-iOSTests.debug.xcconfig */;
			buildSettings = {
				ALWAYS_EMBED_SWIFT_STANDARD_LIBRARIES = YES;
				BUNDLE_LOADER = "$(TEST_HOST)";
				CODE_SIGN_STYLE = Automatic;
				INFOPLIST_FILE = "dnd-5th-1-iOSTests/Info.plist";
				IPHONEOS_DEPLOYMENT_TARGET = 14.5;
				LD_RUNPATH_SEARCH_PATHS = (
					"$(inherited)",
					"@executable_path/Frameworks",
					"@loader_path/Frameworks",
				);
				PRODUCT_BUNDLE_IDENTIFIER = "com.dnd-5th-1-iOSTests";
				PRODUCT_NAME = "$(TARGET_NAME)";
				SWIFT_VERSION = 5.0;
				TARGETED_DEVICE_FAMILY = "1,2";
				TEST_HOST = "$(BUILT_PRODUCTS_DIR)/dnd-5th-1-iOS.app/dnd-5th-1-iOS";
			};
			name = Debug;
		};
		A9A1AD6E2699FAE800169D76 /* Release */ = {
			isa = XCBuildConfiguration;
			baseConfigurationReference = E47C3871C116C712787F22C0 /* Pods-dnd-5th-1-iOSTests.release.xcconfig */;
			buildSettings = {
				ALWAYS_EMBED_SWIFT_STANDARD_LIBRARIES = YES;
				BUNDLE_LOADER = "$(TEST_HOST)";
				CODE_SIGN_STYLE = Automatic;
				INFOPLIST_FILE = "dnd-5th-1-iOSTests/Info.plist";
				IPHONEOS_DEPLOYMENT_TARGET = 14.5;
				LD_RUNPATH_SEARCH_PATHS = (
					"$(inherited)",
					"@executable_path/Frameworks",
					"@loader_path/Frameworks",
				);
				PRODUCT_BUNDLE_IDENTIFIER = "com.dnd-5th-1-iOSTests";
				PRODUCT_NAME = "$(TARGET_NAME)";
				SWIFT_VERSION = 5.0;
				TARGETED_DEVICE_FAMILY = "1,2";
				TEST_HOST = "$(BUILT_PRODUCTS_DIR)/dnd-5th-1-iOS.app/dnd-5th-1-iOS";
			};
			name = Release;
		};
		A9A1AD702699FAE800169D76 /* Debug */ = {
			isa = XCBuildConfiguration;
			baseConfigurationReference = DF0290F64A3C096A484947A4 /* Pods-dnd-5th-1-iOS-dnd-5th-1-iOSUITests.debug.xcconfig */;
			buildSettings = {
				ALWAYS_EMBED_SWIFT_STANDARD_LIBRARIES = YES;
				CODE_SIGN_STYLE = Automatic;
				INFOPLIST_FILE = "dnd-5th-1-iOSUITests/Info.plist";
				LD_RUNPATH_SEARCH_PATHS = (
					"$(inherited)",
					"@executable_path/Frameworks",
					"@loader_path/Frameworks",
				);
				PRODUCT_BUNDLE_IDENTIFIER = "com.dnd-5th-1-iOSUITests";
				PRODUCT_NAME = "$(TARGET_NAME)";
				SWIFT_VERSION = 5.0;
				TARGETED_DEVICE_FAMILY = "1,2";
				TEST_TARGET_NAME = "dnd-5th-1-iOS";
			};
			name = Debug;
		};
		A9A1AD712699FAE800169D76 /* Release */ = {
			isa = XCBuildConfiguration;
			baseConfigurationReference = F5271BB626301CEF48D1E0A0 /* Pods-dnd-5th-1-iOS-dnd-5th-1-iOSUITests.release.xcconfig */;
			buildSettings = {
				ALWAYS_EMBED_SWIFT_STANDARD_LIBRARIES = YES;
				CODE_SIGN_STYLE = Automatic;
				INFOPLIST_FILE = "dnd-5th-1-iOSUITests/Info.plist";
				LD_RUNPATH_SEARCH_PATHS = (
					"$(inherited)",
					"@executable_path/Frameworks",
					"@loader_path/Frameworks",
				);
				PRODUCT_BUNDLE_IDENTIFIER = "com.dnd-5th-1-iOSUITests";
				PRODUCT_NAME = "$(TARGET_NAME)";
				SWIFT_VERSION = 5.0;
				TARGETED_DEVICE_FAMILY = "1,2";
				TEST_TARGET_NAME = "dnd-5th-1-iOS";
			};
			name = Release;
		};
/* End XCBuildConfiguration section */

/* Begin XCConfigurationList section */
		A9A1AD3A2699FAE600169D76 /* Build configuration list for PBXProject "dnd-5th-1-iOS" */ = {
			isa = XCConfigurationList;
			buildConfigurations = (
				A9A1AD672699FAE800169D76 /* Debug */,
				A9A1AD682699FAE800169D76 /* Release */,
			);
			defaultConfigurationIsVisible = 0;
			defaultConfigurationName = Release;
		};
		A9A1AD692699FAE800169D76 /* Build configuration list for PBXNativeTarget "dnd-5th-1-iOS" */ = {
			isa = XCConfigurationList;
			buildConfigurations = (
				A9A1AD6A2699FAE800169D76 /* Debug */,
				A9A1AD6B2699FAE800169D76 /* Release */,
			);
			defaultConfigurationIsVisible = 0;
			defaultConfigurationName = Release;
		};
		A9A1AD6C2699FAE800169D76 /* Build configuration list for PBXNativeTarget "dnd-5th-1-iOSTests" */ = {
			isa = XCConfigurationList;
			buildConfigurations = (
				A9A1AD6D2699FAE800169D76 /* Debug */,
				A9A1AD6E2699FAE800169D76 /* Release */,
			);
			defaultConfigurationIsVisible = 0;
			defaultConfigurationName = Release;
		};
		A9A1AD6F2699FAE800169D76 /* Build configuration list for PBXNativeTarget "dnd-5th-1-iOSUITests" */ = {
			isa = XCConfigurationList;
			buildConfigurations = (
				A9A1AD702699FAE800169D76 /* Debug */,
				A9A1AD712699FAE800169D76 /* Release */,
			);
			defaultConfigurationIsVisible = 0;
			defaultConfigurationName = Release;
		};
/* End XCConfigurationList section */
	};
	rootObject = A9A1AD372699FAE600169D76 /* Project object */;
}
