PODS:
  - Alamofire (5.4.3)
  - AppAuth (1.4.0):
    - AppAuth/Core (= 1.4.0)
    - AppAuth/ExternalUserAgent (= 1.4.0)
  - AppAuth/Core (1.4.0)
  - AppAuth/ExternalUserAgent (1.4.0)
  - GoogleSignIn (6.0.0):
    - AppAuth (~> 1.4)
    - GTMAppAuth (~> 1.0)
    - GTMSessionFetcher/Core (~> 1.1)
  - GTMAppAuth (1.2.2):
    - AppAuth/Core (~> 1.4)
    - GTMSessionFetcher/Core (~> 1.5)
  - GTMSessionFetcher/Core (1.6.1)
  - KakaoSDKAuth (2.5.5):
    - KakaoSDKCommon (= 2.5.5)
  - KakaoSDKCommon (2.5.5):
    - KakaoSDKCommon/Common (= 2.5.5)
    - KakaoSDKCommon/Network (= 2.5.5)
  - KakaoSDKCommon/Common (2.5.5)
  - KakaoSDKCommon/Network (2.5.5):
    - Alamofire (~> 5.1)
    - KakaoSDKCommon/Common (= 2.5.5)
  - KakaoSDKUser (2.5.5):
    - KakaoSDKAuth (= 2.5.5)
  - Kingfisher (6.3.0)
  - ScalingCarousel (3.2.0)
  - SwiftLint (0.43.1)

DEPENDENCIES:
  - Alamofire (~> 5.4)
  - GoogleSignIn
  - KakaoSDKAuth
  - KakaoSDKCommon
  - KakaoSDKUser
  - Kingfisher (~> 6.0)
  - ScalingCarousel
  - SwiftLint

SPEC REPOS:
  trunk:
    - Alamofire
    - AppAuth
    - GoogleSignIn
    - GTMAppAuth
    - GTMSessionFetcher
    - KakaoSDKAuth
    - KakaoSDKCommon
    - KakaoSDKUser
    - Kingfisher
    - ScalingCarousel
    - SwiftLint

SPEC CHECKSUMS:
  Alamofire: e447a2774a40c996748296fa2c55112fdbbc42f9
  AppAuth: 31bcec809a638d7bd2f86ea8a52bd45f6e81e7c7
  GoogleSignIn: b7779a809e1dfb32ebb43131b10d8bfcd53c1383
  GTMAppAuth: ad5c2b70b9a8689e1a04033c9369c4915bfcbe89
  GTMSessionFetcher: 36689134877faeb055b27dfa4ccc9ceaa42e029e
  KakaoSDKAuth: 7474cf67d199a9c2ec6a46e4ed8398cf34c1262d
  KakaoSDKCommon: fb2c9223a86d6f65a8ba73bbaad7cec6a2b09630
  KakaoSDKUser: 7bb1c38bbd4608bd4e7eebbd4eda130338364fb3
  Kingfisher: 6c3df386db71d82c0817a429d2c9421a77396529
  ScalingCarousel: d40f0ce438af5cfb2225e2f723f7161597961128
  SwiftLint: 99f82d07b837b942dd563c668de129a03fc3fb52

PODFILE CHECKSUM: c9b5de07f9242d8310ef1b7a1d67b12f558e49de

COCOAPODS: 1.10.1
